{
  "originHash" : "0298612de17de75bad4adc727b506c8d7af6f9a910eca99b460ac5cad98a75f0",
  "pins" : [
    {
      "identity" : "highlightr",
      "kind" : "remoteSourceControl",
      "location" : "https://github.com/raspu/Highlightr.git",
      "state" : {
        "revision" : "93199b9e434f04bda956a613af8f571933f9f037",
        "version" : "2.1.2"
      }
    },
    {
      "identity" : "smoothgradient",
      "kind" : "remoteSourceControl",
      "location" : "https://github.com/raymondjavaxx/SmoothGradient",
      "state" : {
        "revision" : "61bf248fad31c7921c9985b418e6e9297cd7b861",
        "version" : "1.0.0"
      }
    }
  ],
  "version" : 3
}
