{
  "originHash" : "2e4a0962de80afd3b9dfbdf7e5bd7e28aa2e77484c56e84b568f05d33adfac7e",
  "pins" : [
    {
      "identity" : "smoothgradient",
      "kind" : "remoteSourceControl",
      "location" : "https://github.com/raymondjavaxx/SmoothGradient",
      "state" : {
        "revision" : "61bf248fad31c7921c9985b418e6e9297cd7b861",
        "version" : "1.0.0"
      }
    }
  ],
  "version" : 3
}
