{
  "originHash" : "1ab6e243e5809dc8b6024720541559d4a765e368086810a31ce6ff4f1d90e183",
  "pins" : [
    {
      "identity" : "codeeditor",
      "kind" : "remoteSourceControl",
      "location" : "https://github.com/ZeeZide/CodeEditor.git",
      "state" : {
        "revision" : "3a924589c957383693cae6336a29c3ead602ec96",
        "version" : "1.2.4"
      }
    },
    {
      "identity" : "down",
      "kind" : "remoteSourceControl",
      "location" : "https://github.com/johnxnguyen/Down.git",
      "state" : {
        "revision" : "f34b166be1f1db4aa8f573067e901d72f2a6be57",
        "version" : "0.11.0"
      }
    },
    {
      "identity" : "editor",
      "kind" : "remoteSourceControl",
      "location" : "https://github.com/mattDavo/Editor",
      "state" : {
        "branch" : "master",
        "revision" : "9248b9b532fa21b761d2dcfb4d0658a8e91e4f88"
      }
    },
    {
      "identity" : "highlightr",
      "kind" : "remoteSourceControl",
      "location" : "https://github.com/helje5/Highlightr",
      "state" : {
        "revision" : "bd0358056ff1f12ea83833a9fc1b3b5a396a9da0",
        "version" : "3.0.2"
      }
    },
    {
      "identity" : "swiftdown",
      "kind" : "remoteSourceControl",
      "location" : "https://github.com/qeude/SwiftDown.git",
      "state" : {
        "revision" : "3a988bfa50ffbc55ee312749c326f8791d7f87ad",
        "version" : "0.4.1"
      }
    }
  ],
  "version" : 3
}
