// !$*UTF8*$!
{
	archiveVersion = 1;
	classes = {
	};
	objectVersion = 56;
	objects = {

/* Begin PBXBuildFile section */
		F6081DF72B04847600A78D64 /* KeychainHandler.swift in Sources */ = {isa = PBXBuildFile; fileRef = F6081DF62B04847600A78D64 /* KeychainHandler.swift */; };
		F6081DF92B0485EA00A78D64 /* NetworkHandler.swift in Sources */ = {isa = PBXBuildFile; fileRef = F6081DF82B0485EA00A78D64 /* NetworkHandler.swift */; };
		F636A11C2B05B23D00C24891 /* GeneralSettingsView.swift in Sources */ = {isa = PBXBuildFile; fileRef = F636A11B2B05B23D00C24891 /* GeneralSettingsView.swift */; };
		F64F8E032B02136D00C72E51 /* ModelContainerPreview.swift in Sources */ = {isa = PBXBuildFile; fileRef = F64F8E022B02136D00C72E51 /* ModelContainerPreview.swift */; };
		F64F8E082B02140F00C72E51 /* SampleData+Conversation.swift in Sources */ = {isa = PBXBuildFile; fileRef = F64F8E072B02140F00C72E51 /* SampleData+Conversation.swift */; };
		F64F8E0C2B0214A000C72E51 /* SampleData+Messages.swift in Sources */ = {isa = PBXBuildFile; fileRef = F64F8E0B2B0214A000C72E51 /* SampleData+Messages.swift */; };
		F64F8E202B03082100C72E51 /* BanksiaHandler.swift in Sources */ = {isa = PBXBuildFile; fileRef = F64F8E1F2B03082100C72E51 /* BanksiaHandler.swift */; };
		F64F8E222B03090600C72E51 /* ContentView.swift in Sources */ = {isa = PBXBuildFile; fileRef = F64F8E212B03090600C72E51 /* ContentView.swift */; };
		F64F8E2E2B04254100C72E51 /* ConversationHandler.swift in Sources */ = {isa = PBXBuildFile; fileRef = F64F8E2D2B04254100C72E51 /* ConversationHandler.swift */; };
		F64F8E312B042A2700C72E51 /* UtilityFunctions.swift in Sources */ = {isa = PBXBuildFile; fileRef = F64F8E302B042A2700C72E51 /* UtilityFunctions.swift */; };
		F697B8662B0B47610091CE79 /* GPTHandler.swift in Sources */ = {isa = PBXBuildFile; fileRef = F697B8652B0B47610091CE79 /* GPTHandler.swift */; };
		F697B8682B0B48160091CE79 /* ConversationStateView.swift in Sources */ = {isa = PBXBuildFile; fileRef = F697B8672B0B48160091CE79 /* ConversationStateView.swift */; };
		F6A5E1B32BC6E4E90018B1B5 /* SidebarView.swift in Sources */ = {isa = PBXBuildFile; fileRef = F6A5E1B22BC6E4E90018B1B5 /* SidebarView.swift */; };
		F6A5E1B52BC6E5A40018B1B5 /* ToolbarView.swift in Sources */ = {isa = PBXBuildFile; fileRef = F6A5E1B42BC6E5A40018B1B5 /* ToolbarView.swift */; };
		F6A5E1B72BC6EE480018B1B5 /* PreferencesHandler.swift in Sources */ = {isa = PBXBuildFile; fileRef = F6A5E1B62BC6EE480018B1B5 /* PreferencesHandler.swift */; };
		F6A5E1BA2BC6F3D80018B1B5 /* StyleHandler.swift in Sources */ = {isa = PBXBuildFile; fileRef = F6A5E1B92BC6F3D70018B1B5 /* StyleHandler.swift */; };
		F6A7BEEB2B01C57400D3CE25 /* BanksiaApp.swift in Sources */ = {isa = PBXBuildFile; fileRef = F6A7BEEA2B01C57400D3CE25 /* BanksiaApp.swift */; };
		F6A7BEEF2B01C57400D3CE25 /* DataModel.swift in Sources */ = {isa = PBXBuildFile; fileRef = F6A7BEEE2B01C57400D3CE25 /* DataModel.swift */; };
		F6A7BEF12B01C57500D3CE25 /* Assets.xcassets in Resources */ = {isa = PBXBuildFile; fileRef = F6A7BEF02B01C57500D3CE25 /* Assets.xcassets */; };
		F6AD361A2BCAC55100B7AADD /* MarkdownUI in Frameworks */ = {isa = PBXBuildFile; productRef = F6AD36192BCAC55100B7AADD /* MarkdownUI */; };
		F6AD361D2BCAC87900B7AADD /* Theme+MarkdownUI.swift in Sources */ = {isa = PBXBuildFile; fileRef = F6AD361C2BCAC87900B7AADD /* Theme+MarkdownUI.swift */; };
		F6C161DF2B0CEE9700F4AB62 /* IconHandler.swift in Sources */ = {isa = PBXBuildFile; fileRef = F6C161DE2B0CEE9700F4AB62 /* IconHandler.swift */; };
		F6C161E12B0F63B800F4AB62 /* banksia_icons.json in Resources */ = {isa = PBXBuildFile; fileRef = F6C161E02B0F63B800F4AB62 /* banksia_icons.json */; };
		F6D6E2D62BC805E9000D2051 /* SingleMessageView.swift in Sources */ = {isa = PBXBuildFile; fileRef = F6D6E2D52BC805E9000D2051 /* SingleMessageView.swift */; };
		F6D6E2DB2BC80AA2000D2051 /* MessageInputView.swift in Sources */ = {isa = PBXBuildFile; fileRef = F6D6E2DA2BC80AA2000D2051 /* MessageInputView.swift */; };
		F6D6E2E52BC82790000D2051 /* MarkdownEditor.swift in Sources */ = {isa = PBXBuildFile; fileRef = F6D6E2E42BC82790000D2051 /* MarkdownEditor.swift */; };
		F6D6E2E72BC82C86000D2051 /* GrammarHandler.swift in Sources */ = {isa = PBXBuildFile; fileRef = F6D6E2E62BC82C86000D2051 /* GrammarHandler.swift */; };
		F6D6E2E92BC82CAA000D2051 /* ThemeHandler.swift in Sources */ = {isa = PBXBuildFile; fileRef = F6D6E2E82BC82CAA000D2051 /* ThemeHandler.swift */; };
		F6D6E2EB2BC82CFE000D2051 /* ExampleText.swift in Sources */ = {isa = PBXBuildFile; fileRef = F6D6E2EA2BC82CFE000D2051 /* ExampleText.swift */; };
		F6D6E3292BC91CE0000D2051 /* ActionThemeAttribute.swift in Sources */ = {isa = PBXBuildFile; fileRef = F6D6E2ED2BC91CE0000D2051 /* ActionThemeAttribute.swift */; };
		F6D6E32A2BC91CE0000D2051 /* BackgroundColorThemeAttribute.swift in Sources */ = {isa = PBXBuildFile; fileRef = F6D6E2EE2BC91CE0000D2051 /* BackgroundColorThemeAttribute.swift */; };
		F6D6E32B2BC91CE0000D2051 /* BoldThemeAttribute.swift in Sources */ = {isa = PBXBuildFile; fileRef = F6D6E2EF2BC91CE0000D2051 /* BoldThemeAttribute.swift */; };
		F6D6E32C2BC91CE0000D2051 /* ColorThemeAttribute.swift in Sources */ = {isa = PBXBuildFile; fileRef = F6D6E2F02BC91CE0000D2051 /* ColorThemeAttribute.swift */; };
		F6D6E32D2BC91CE0000D2051 /* DefaultTabIntervalThemeAttribute.swift in Sources */ = {isa = PBXBuildFile; fileRef = F6D6E2F12BC91CE0000D2051 /* DefaultTabIntervalThemeAttribute.swift */; };
		F6D6E32E2BC91CE0000D2051 /* FirstLineHeadIndentThemeAttribute.swift in Sources */ = {isa = PBXBuildFile; fileRef = F6D6E2F22BC91CE0000D2051 /* FirstLineHeadIndentThemeAttribute.swift */; };
		F6D6E32F2BC91CE0000D2051 /* FontThemeAttribute.swift in Sources */ = {isa = PBXBuildFile; fileRef = F6D6E2F32BC91CE0000D2051 /* FontThemeAttribute.swift */; };
		F6D6E3302BC91CE0000D2051 /* HeadIndentThemeAttribute.swift in Sources */ = {isa = PBXBuildFile; fileRef = F6D6E2F42BC91CE0000D2051 /* HeadIndentThemeAttribute.swift */; };
		F6D6E3312BC91CE0000D2051 /* HiddenThemeAttribute.swift in Sources */ = {isa = PBXBuildFile; fileRef = F6D6E2F52BC91CE0000D2051 /* HiddenThemeAttribute.swift */; };
		F6D6E3322BC91CE0000D2051 /* ItalicThemeAttribute.swift in Sources */ = {isa = PBXBuildFile; fileRef = F6D6E2F62BC91CE0000D2051 /* ItalicThemeAttribute.swift */; };
		F6D6E3332BC91CE0000D2051 /* KernThemeAttribute.swift in Sources */ = {isa = PBXBuildFile; fileRef = F6D6E2F72BC91CE0000D2051 /* KernThemeAttribute.swift */; };
		F6D6E3342BC91CE0000D2051 /* LigatureThemeAttribute.swift in Sources */ = {isa = PBXBuildFile; fileRef = F6D6E2F82BC91CE0000D2051 /* LigatureThemeAttribute.swift */; };
		F6D6E3352BC91CE0000D2051 /* LineHeightThemeAttribute.swift in Sources */ = {isa = PBXBuildFile; fileRef = F6D6E2F92BC91CE0000D2051 /* LineHeightThemeAttribute.swift */; };
		F6D6E3362BC91CE0000D2051 /* ParagraphSpacingAfterThemeAttribute.swift in Sources */ = {isa = PBXBuildFile; fileRef = F6D6E2FA2BC91CE0000D2051 /* ParagraphSpacingAfterThemeAttribute.swift */; };
		F6D6E3372BC91CE0000D2051 /* ParagraphSpacingBeforeThemeAttribute.swift in Sources */ = {isa = PBXBuildFile; fileRef = F6D6E2FB2BC91CE0000D2051 /* ParagraphSpacingBeforeThemeAttribute.swift */; };
		F6D6E3382BC91CE0000D2051 /* TabStopsThemeAttribute.swift in Sources */ = {isa = PBXBuildFile; fileRef = F6D6E2FC2BC91CE0000D2051 /* TabStopsThemeAttribute.swift */; };
		F6D6E3392BC91CE0000D2051 /* TailIndentThemeAttribute.swift in Sources */ = {isa = PBXBuildFile; fileRef = F6D6E2FD2BC91CE0000D2051 /* TailIndentThemeAttribute.swift */; };
		F6D6E33A2BC91CE0000D2051 /* TextAlignmentThemeAttribute.swift in Sources */ = {isa = PBXBuildFile; fileRef = F6D6E2FE2BC91CE0000D2051 /* TextAlignmentThemeAttribute.swift */; };
		F6D6E33B2BC91CE0000D2051 /* TextBlockThemeAttribute.swift in Sources */ = {isa = PBXBuildFile; fileRef = F6D6E2FF2BC91CE0000D2051 /* TextBlockThemeAttribute.swift */; };
		F6D6E33C2BC91CE0000D2051 /* ThemeAttribute+Error.swift in Sources */ = {isa = PBXBuildFile; fileRef = F6D6E3002BC91CE0000D2051 /* ThemeAttribute+Error.swift */; };
		F6D6E33D2BC91CE0000D2051 /* UndlerlineColorThemeAttribute.swift in Sources */ = {isa = PBXBuildFile; fileRef = F6D6E3012BC91CE0000D2051 /* UndlerlineColorThemeAttribute.swift */; };
		F6D6E33E2BC91CE0000D2051 /* Editor.swift in Sources */ = {isa = PBXBuildFile; fileRef = F6D6E3032BC91CE0000D2051 /* Editor.swift */; };
		F6D6E33F2BC91CE0000D2051 /* EditorLayoutManager.swift in Sources */ = {isa = PBXBuildFile; fileRef = F6D6E3042BC91CE0000D2051 /* EditorLayoutManager.swift */; };
		F6D6E3402BC91CE0000D2051 /* EditorTextStorage.swift in Sources */ = {isa = PBXBuildFile; fileRef = F6D6E3052BC91CE0000D2051 /* EditorTextStorage.swift */; };
		F6D6E3412BC91CE0000D2051 /* EditorTextView.swift in Sources */ = {isa = PBXBuildFile; fileRef = F6D6E3062BC91CE0000D2051 /* EditorTextView.swift */; };
		F6D6E3422BC91CE0000D2051 /* Grammar+Default.swift in Sources */ = {isa = PBXBuildFile; fileRef = F6D6E3072BC91CE0000D2051 /* Grammar+Default.swift */; };
		F6D6E3432BC91CE0000D2051 /* LineNumberGutter.swift in Sources */ = {isa = PBXBuildFile; fileRef = F6D6E3082BC91CE0000D2051 /* LineNumberGutter.swift */; };
		F6D6E3442BC91CE0000D2051 /* NSAttributedString.swift in Sources */ = {isa = PBXBuildFile; fileRef = F6D6E3092BC91CE0000D2051 /* NSAttributedString.swift */; };
		F6D6E3452BC91CE0000D2051 /* Pasteboard.swift in Sources */ = {isa = PBXBuildFile; fileRef = F6D6E30A2BC91CE0000D2051 /* Pasteboard.swift */; };
		F6D6E3462BC91CE0000D2051 /* StringProtocol.swift in Sources */ = {isa = PBXBuildFile; fileRef = F6D6E30B2BC91CE0000D2051 /* StringProtocol.swift */; };
		F6D6E3472BC91CE0000D2051 /* BeginEndRule.swift in Sources */ = {isa = PBXBuildFile; fileRef = F6D6E30D2BC91CE0000D2051 /* BeginEndRule.swift */; };
		F6D6E3482BC91CE0000D2051 /* Capture.swift in Sources */ = {isa = PBXBuildFile; fileRef = F6D6E30E2BC91CE0000D2051 /* Capture.swift */; };
		F6D6E3492BC91CE0000D2051 /* Color.swift in Sources */ = {isa = PBXBuildFile; fileRef = F6D6E30F2BC91CE0000D2051 /* Color.swift */; };
		F6D6E34A2BC91CE0000D2051 /* Font.swift in Sources */ = {isa = PBXBuildFile; fileRef = F6D6E3102BC91CE0000D2051 /* Font.swift */; };
		F6D6E34B2BC91CE0000D2051 /* Grammar.swift in Sources */ = {isa = PBXBuildFile; fileRef = F6D6E3112BC91CE0000D2051 /* Grammar.swift */; };
		F6D6E34C2BC91CE0000D2051 /* IncludeGrammarPattern.swift in Sources */ = {isa = PBXBuildFile; fileRef = F6D6E3122BC91CE0000D2051 /* IncludeGrammarPattern.swift */; };
		F6D6E34D2BC91CE0000D2051 /* IncludeRulePattern.swift in Sources */ = {isa = PBXBuildFile; fileRef = F6D6E3132BC91CE0000D2051 /* IncludeRulePattern.swift */; };
		F6D6E34E2BC91CE0000D2051 /* LineState.swift in Sources */ = {isa = PBXBuildFile; fileRef = F6D6E3142BC91CE0000D2051 /* LineState.swift */; };
		F6D6E34F2BC91CE0000D2051 /* LineThemeAttribute.swift in Sources */ = {isa = PBXBuildFile; fileRef = F6D6E3152BC91CE0000D2051 /* LineThemeAttribute.swift */; };
		F6D6E3502BC91CE0000D2051 /* MatchRule.swift in Sources */ = {isa = PBXBuildFile; fileRef = F6D6E3162BC91CE0000D2051 /* MatchRule.swift */; };
		F6D6E3512BC91CE0000D2051 /* NSRange+Shifted.swift in Sources */ = {isa = PBXBuildFile; fileRef = F6D6E3172BC91CE0000D2051 /* NSRange+Shifted.swift */; };
		F6D6E3522BC91CE0000D2051 /* ParagraphStyle.swift in Sources */ = {isa = PBXBuildFile; fileRef = F6D6E3182BC91CE0000D2051 /* ParagraphStyle.swift */; };
		F6D6E3532BC91CE0000D2051 /* Parser.swift in Sources */ = {isa = PBXBuildFile; fileRef = F6D6E3192BC91CE0000D2051 /* Parser.swift */; };
		F6D6E3542BC91CE0000D2051 /* Pattern.swift in Sources */ = {isa = PBXBuildFile; fileRef = F6D6E31A2BC91CE0000D2051 /* Pattern.swift */; };
		F6D6E3552BC91CE0000D2051 /* Repository.swift in Sources */ = {isa = PBXBuildFile; fileRef = F6D6E31B2BC91CE0000D2051 /* Repository.swift */; };
		F6D6E3562BC91CE0000D2051 /* Rule.swift in Sources */ = {isa = PBXBuildFile; fileRef = F6D6E31C2BC91CE0000D2051 /* Rule.swift */; };
		F6D6E3572BC91CE0000D2051 /* Scope.swift in Sources */ = {isa = PBXBuildFile; fileRef = F6D6E31D2BC91CE0000D2051 /* Scope.swift */; };
		F6D6E3582BC91CE0000D2051 /* ScopeName.swift in Sources */ = {isa = PBXBuildFile; fileRef = F6D6E31E2BC91CE0000D2051 /* ScopeName.swift */; };
		F6D6E3592BC91CE0000D2051 /* Theme.swift in Sources */ = {isa = PBXBuildFile; fileRef = F6D6E31F2BC91CE0000D2051 /* Theme.swift */; };
		F6D6E35A2BC91CE0000D2051 /* Theme+Default.swift in Sources */ = {isa = PBXBuildFile; fileRef = F6D6E3202BC91CE0000D2051 /* Theme+Default.swift */; };
		F6D6E35B2BC91CE0000D2051 /* ThemeAttribute.swift in Sources */ = {isa = PBXBuildFile; fileRef = F6D6E3212BC91CE0000D2051 /* ThemeAttribute.swift */; };
		F6D6E35C2BC91CE0000D2051 /* ThemeSetting.swift in Sources */ = {isa = PBXBuildFile; fileRef = F6D6E3222BC91CE0000D2051 /* ThemeSetting.swift */; };
		F6D6E35D2BC91CE0000D2051 /* ThemeTrieElement.swift in Sources */ = {isa = PBXBuildFile; fileRef = F6D6E3232BC91CE0000D2051 /* ThemeTrieElement.swift */; };
		F6D6E35E2BC91CE0000D2051 /* Token.swift in Sources */ = {isa = PBXBuildFile; fileRef = F6D6E3242BC91CE0000D2051 /* Token.swift */; };
		F6D6E35F2BC91CE0000D2051 /* TokenizedLine.swift in Sources */ = {isa = PBXBuildFile; fileRef = F6D6E3252BC91CE0000D2051 /* TokenizedLine.swift */; };
		F6D6E3602BC91CE0000D2051 /* TokenizeResult.swift in Sources */ = {isa = PBXBuildFile; fileRef = F6D6E3262BC91CE0000D2051 /* TokenizeResult.swift */; };
		F6D6E3612BC91CE0000D2051 /* TokenThemeAttribute.swift in Sources */ = {isa = PBXBuildFile; fileRef = F6D6E3272BC91CE0000D2051 /* TokenThemeAttribute.swift */; };
		F6E8269F2B0BDD6E0047477D /* MessagesView.swift in Sources */ = {isa = PBXBuildFile; fileRef = F6E8269E2B0BDD6E0047477D /* MessagesView.swift */; };
		F6E826A12B0BF3630047477D /* IconPickerView.swift in Sources */ = {isa = PBXBuildFile; fileRef = F6E826A02B0BF3630047477D /* IconPickerView.swift */; };
		F6F393112B09DB7D005046F4 /* ConversationView.swift in Sources */ = {isa = PBXBuildFile; fileRef = F6F393102B09DB7D005046F4 /* ConversationView.swift */; };
		F6F393132B0A06B4005046F4 /* ConversationListItem.swift in Sources */ = {isa = PBXBuildFile; fileRef = F6F393122B0A06B4005046F4 /* ConversationListItem.swift */; };
		F6FA92EF2B052B9800D1D9B8 /* SettingsView.swift in Sources */ = {isa = PBXBuildFile; fileRef = F6FA92EE2B052B9800D1D9B8 /* SettingsView.swift */; };
/* End PBXBuildFile section */

/* Begin PBXFileReference section */
		F6081DF62B04847600A78D64 /* KeychainHandler.swift */ = {isa = PBXFileReference; lastKnownFileType = sourcecode.swift; path = KeychainHandler.swift; sourceTree = "<group>"; };
		F6081DF82B0485EA00A78D64 /* NetworkHandler.swift */ = {isa = PBXFileReference; lastKnownFileType = sourcecode.swift; path = NetworkHandler.swift; sourceTree = "<group>"; };
		F636A11B2B05B23D00C24891 /* GeneralSettingsView.swift */ = {isa = PBXFileReference; lastKnownFileType = sourcecode.swift; path = GeneralSettingsView.swift; sourceTree = "<group>"; };
		F64F8E022B02136D00C72E51 /* ModelContainerPreview.swift */ = {isa = PBXFileReference; lastKnownFileType = sourcecode.swift; path = ModelContainerPreview.swift; sourceTree = "<group>"; };
		F64F8E072B02140F00C72E51 /* SampleData+Conversation.swift */ = {isa = PBXFileReference; lastKnownFileType = sourcecode.swift; path = "SampleData+Conversation.swift"; sourceTree = "<group>"; };
		F64F8E0B2B0214A000C72E51 /* SampleData+Messages.swift */ = {isa = PBXFileReference; lastKnownFileType = sourcecode.swift; path = "SampleData+Messages.swift"; sourceTree = "<group>"; };
		F64F8E1F2B03082100C72E51 /* BanksiaHandler.swift */ = {isa = PBXFileReference; lastKnownFileType = sourcecode.swift; path = BanksiaHandler.swift; sourceTree = "<group>"; };
		F64F8E212B03090600C72E51 /* ContentView.swift */ = {isa = PBXFileReference; lastKnownFileType = sourcecode.swift; path = ContentView.swift; sourceTree = "<group>"; };
		F64F8E2D2B04254100C72E51 /* ConversationHandler.swift */ = {isa = PBXFileReference; lastKnownFileType = sourcecode.swift; path = ConversationHandler.swift; sourceTree = "<group>"; };
		F64F8E302B042A2700C72E51 /* UtilityFunctions.swift */ = {isa = PBXFileReference; lastKnownFileType = sourcecode.swift; path = UtilityFunctions.swift; sourceTree = "<group>"; };
		F697B8652B0B47610091CE79 /* GPTHandler.swift */ = {isa = PBXFileReference; lastKnownFileType = sourcecode.swift; path = GPTHandler.swift; sourceTree = "<group>"; };
		F697B8672B0B48160091CE79 /* ConversationStateView.swift */ = {isa = PBXFileReference; lastKnownFileType = sourcecode.swift; path = ConversationStateView.swift; sourceTree = "<group>"; };
		F6A5E1B22BC6E4E90018B1B5 /* SidebarView.swift */ = {isa = PBXFileReference; lastKnownFileType = sourcecode.swift; path = SidebarView.swift; sourceTree = "<group>"; };
		F6A5E1B42BC6E5A40018B1B5 /* ToolbarView.swift */ = {isa = PBXFileReference; lastKnownFileType = sourcecode.swift; path = ToolbarView.swift; sourceTree = "<group>"; };
		F6A5E1B62BC6EE480018B1B5 /* PreferencesHandler.swift */ = {isa = PBXFileReference; lastKnownFileType = sourcecode.swift; path = PreferencesHandler.swift; sourceTree = "<group>"; };
		F6A5E1B92BC6F3D70018B1B5 /* StyleHandler.swift */ = {isa = PBXFileReference; lastKnownFileType = sourcecode.swift; path = StyleHandler.swift; sourceTree = "<group>"; };
		F6A7BEE72B01C57400D3CE25 /* Banksia.app */ = {isa = PBXFileReference; explicitFileType = wrapper.application; includeInIndex = 0; path = Banksia.app; sourceTree = BUILT_PRODUCTS_DIR; };
		F6A7BEEA2B01C57400D3CE25 /* BanksiaApp.swift */ = {isa = PBXFileReference; lastKnownFileType = sourcecode.swift; path = BanksiaApp.swift; sourceTree = "<group>"; };
		F6A7BEEE2B01C57400D3CE25 /* DataModel.swift */ = {isa = PBXFileReference; lastKnownFileType = sourcecode.swift; path = DataModel.swift; sourceTree = "<group>"; };
		F6A7BEF02B01C57500D3CE25 /* Assets.xcassets */ = {isa = PBXFileReference; lastKnownFileType = folder.assetcatalog; path = Assets.xcassets; sourceTree = "<group>"; };
		F6A7BEF52B01C57500D3CE25 /* Banksia.entitlements */ = {isa = PBXFileReference; lastKnownFileType = text.plist.entitlements; path = Banksia.entitlements; sourceTree = "<group>"; };
		F6AD361C2BCAC87900B7AADD /* Theme+MarkdownUI.swift */ = {isa = PBXFileReference; lastKnownFileType = sourcecode.swift; path = "Theme+MarkdownUI.swift"; sourceTree = "<group>"; };
		F6C161DE2B0CEE9700F4AB62 /* IconHandler.swift */ = {isa = PBXFileReference; lastKnownFileType = sourcecode.swift; path = IconHandler.swift; sourceTree = "<group>"; };
		F6C161E02B0F63B800F4AB62 /* banksia_icons.json */ = {isa = PBXFileReference; fileEncoding = 4; lastKnownFileType = text.json; name = banksia_icons.json; path = Working/banksia_icons.json; sourceTree = SOURCE_ROOT; };
		F6D6E2D52BC805E9000D2051 /* SingleMessageView.swift */ = {isa = PBXFileReference; lastKnownFileType = sourcecode.swift; path = SingleMessageView.swift; sourceTree = "<group>"; };
		F6D6E2DA2BC80AA2000D2051 /* MessageInputView.swift */ = {isa = PBXFileReference; lastKnownFileType = sourcecode.swift; path = MessageInputView.swift; sourceTree = "<group>"; };
		F6D6E2E42BC82790000D2051 /* MarkdownEditor.swift */ = {isa = PBXFileReference; lastKnownFileType = sourcecode.swift; path = MarkdownEditor.swift; sourceTree = "<group>"; };
		F6D6E2E62BC82C86000D2051 /* GrammarHandler.swift */ = {isa = PBXFileReference; lastKnownFileType = sourcecode.swift; path = GrammarHandler.swift; sourceTree = "<group>"; };
		F6D6E2E82BC82CAA000D2051 /* ThemeHandler.swift */ = {isa = PBXFileReference; lastKnownFileType = sourcecode.swift; path = ThemeHandler.swift; sourceTree = "<group>"; };
		F6D6E2EA2BC82CFE000D2051 /* ExampleText.swift */ = {isa = PBXFileReference; lastKnownFileType = sourcecode.swift; path = ExampleText.swift; sourceTree = "<group>"; };
		F6D6E2ED2BC91CE0000D2051 /* ActionThemeAttribute.swift */ = {isa = PBXFileReference; fileEncoding = 4; lastKnownFileType = sourcecode.swift; path = ActionThemeAttribute.swift; sourceTree = "<group>"; };
		F6D6E2EE2BC91CE0000D2051 /* BackgroundColorThemeAttribute.swift */ = {isa = PBXFileReference; fileEncoding = 4; lastKnownFileType = sourcecode.swift; path = BackgroundColorThemeAttribute.swift; sourceTree = "<group>"; };
		F6D6E2EF2BC91CE0000D2051 /* BoldThemeAttribute.swift */ = {isa = PBXFileReference; fileEncoding = 4; lastKnownFileType = sourcecode.swift; path = BoldThemeAttribute.swift; sourceTree = "<group>"; };
		F6D6E2F02BC91CE0000D2051 /* ColorThemeAttribute.swift */ = {isa = PBXFileReference; fileEncoding = 4; lastKnownFileType = sourcecode.swift; path = ColorThemeAttribute.swift; sourceTree = "<group>"; };
		F6D6E2F12BC91CE0000D2051 /* DefaultTabIntervalThemeAttribute.swift */ = {isa = PBXFileReference; fileEncoding = 4; lastKnownFileType = sourcecode.swift; path = DefaultTabIntervalThemeAttribute.swift; sourceTree = "<group>"; };
		F6D6E2F22BC91CE0000D2051 /* FirstLineHeadIndentThemeAttribute.swift */ = {isa = PBXFileReference; fileEncoding = 4; lastKnownFileType = sourcecode.swift; path = FirstLineHeadIndentThemeAttribute.swift; sourceTree = "<group>"; };
		F6D6E2F32BC91CE0000D2051 /* FontThemeAttribute.swift */ = {isa = PBXFileReference; fileEncoding = 4; lastKnownFileType = sourcecode.swift; path = FontThemeAttribute.swift; sourceTree = "<group>"; };
		F6D6E2F42BC91CE0000D2051 /* HeadIndentThemeAttribute.swift */ = {isa = PBXFileReference; fileEncoding = 4; lastKnownFileType = sourcecode.swift; path = HeadIndentThemeAttribute.swift; sourceTree = "<group>"; };
		F6D6E2F52BC91CE0000D2051 /* HiddenThemeAttribute.swift */ = {isa = PBXFileReference; fileEncoding = 4; lastKnownFileType = sourcecode.swift; path = HiddenThemeAttribute.swift; sourceTree = "<group>"; };
		F6D6E2F62BC91CE0000D2051 /* ItalicThemeAttribute.swift */ = {isa = PBXFileReference; fileEncoding = 4; lastKnownFileType = sourcecode.swift; path = ItalicThemeAttribute.swift; sourceTree = "<group>"; };
		F6D6E2F72BC91CE0000D2051 /* KernThemeAttribute.swift */ = {isa = PBXFileReference; fileEncoding = 4; lastKnownFileType = sourcecode.swift; path = KernThemeAttribute.swift; sourceTree = "<group>"; };
		F6D6E2F82BC91CE0000D2051 /* LigatureThemeAttribute.swift */ = {isa = PBXFileReference; fileEncoding = 4; lastKnownFileType = sourcecode.swift; path = LigatureThemeAttribute.swift; sourceTree = "<group>"; };
		F6D6E2F92BC91CE0000D2051 /* LineHeightThemeAttribute.swift */ = {isa = PBXFileReference; fileEncoding = 4; lastKnownFileType = sourcecode.swift; path = LineHeightThemeAttribute.swift; sourceTree = "<group>"; };
		F6D6E2FA2BC91CE0000D2051 /* ParagraphSpacingAfterThemeAttribute.swift */ = {isa = PBXFileReference; fileEncoding = 4; lastKnownFileType = sourcecode.swift; path = ParagraphSpacingAfterThemeAttribute.swift; sourceTree = "<group>"; };
		F6D6E2FB2BC91CE0000D2051 /* ParagraphSpacingBeforeThemeAttribute.swift */ = {isa = PBXFileReference; fileEncoding = 4; lastKnownFileType = sourcecode.swift; path = ParagraphSpacingBeforeThemeAttribute.swift; sourceTree = "<group>"; };
		F6D6E2FC2BC91CE0000D2051 /* TabStopsThemeAttribute.swift */ = {isa = PBXFileReference; fileEncoding = 4; lastKnownFileType = sourcecode.swift; path = TabStopsThemeAttribute.swift; sourceTree = "<group>"; };
		F6D6E2FD2BC91CE0000D2051 /* TailIndentThemeAttribute.swift */ = {isa = PBXFileReference; fileEncoding = 4; lastKnownFileType = sourcecode.swift; path = TailIndentThemeAttribute.swift; sourceTree = "<group>"; };
		F6D6E2FE2BC91CE0000D2051 /* TextAlignmentThemeAttribute.swift */ = {isa = PBXFileReference; fileEncoding = 4; lastKnownFileType = sourcecode.swift; path = TextAlignmentThemeAttribute.swift; sourceTree = "<group>"; };
		F6D6E2FF2BC91CE0000D2051 /* TextBlockThemeAttribute.swift */ = {isa = PBXFileReference; fileEncoding = 4; lastKnownFileType = sourcecode.swift; path = TextBlockThemeAttribute.swift; sourceTree = "<group>"; };
		F6D6E3002BC91CE0000D2051 /* ThemeAttribute+Error.swift */ = {isa = PBXFileReference; fileEncoding = 4; lastKnownFileType = sourcecode.swift; path = "ThemeAttribute+Error.swift"; sourceTree = "<group>"; };
		F6D6E3012BC91CE0000D2051 /* UndlerlineColorThemeAttribute.swift */ = {isa = PBXFileReference; fileEncoding = 4; lastKnownFileType = sourcecode.swift; path = UndlerlineColorThemeAttribute.swift; sourceTree = "<group>"; };
		F6D6E3032BC91CE0000D2051 /* Editor.swift */ = {isa = PBXFileReference; fileEncoding = 4; lastKnownFileType = sourcecode.swift; path = Editor.swift; sourceTree = "<group>"; };
		F6D6E3042BC91CE0000D2051 /* EditorLayoutManager.swift */ = {isa = PBXFileReference; fileEncoding = 4; lastKnownFileType = sourcecode.swift; path = EditorLayoutManager.swift; sourceTree = "<group>"; };
		F6D6E3052BC91CE0000D2051 /* EditorTextStorage.swift */ = {isa = PBXFileReference; fileEncoding = 4; lastKnownFileType = sourcecode.swift; path = EditorTextStorage.swift; sourceTree = "<group>"; };
		F6D6E3062BC91CE0000D2051 /* EditorTextView.swift */ = {isa = PBXFileReference; fileEncoding = 4; lastKnownFileType = sourcecode.swift; path = EditorTextView.swift; sourceTree = "<group>"; };
		F6D6E3072BC91CE0000D2051 /* Grammar+Default.swift */ = {isa = PBXFileReference; fileEncoding = 4; lastKnownFileType = sourcecode.swift; path = "Grammar+Default.swift"; sourceTree = "<group>"; };
		F6D6E3082BC91CE0000D2051 /* LineNumberGutter.swift */ = {isa = PBXFileReference; fileEncoding = 4; lastKnownFileType = sourcecode.swift; path = LineNumberGutter.swift; sourceTree = "<group>"; };
		F6D6E3092BC91CE0000D2051 /* NSAttributedString.swift */ = {isa = PBXFileReference; fileEncoding = 4; lastKnownFileType = sourcecode.swift; path = NSAttributedString.swift; sourceTree = "<group>"; };
		F6D6E30A2BC91CE0000D2051 /* Pasteboard.swift */ = {isa = PBXFileReference; fileEncoding = 4; lastKnownFileType = sourcecode.swift; path = Pasteboard.swift; sourceTree = "<group>"; };
		F6D6E30B2BC91CE0000D2051 /* StringProtocol.swift */ = {isa = PBXFileReference; fileEncoding = 4; lastKnownFileType = sourcecode.swift; path = StringProtocol.swift; sourceTree = "<group>"; };
		F6D6E30D2BC91CE0000D2051 /* BeginEndRule.swift */ = {isa = PBXFileReference; fileEncoding = 4; lastKnownFileType = sourcecode.swift; path = BeginEndRule.swift; sourceTree = "<group>"; };
		F6D6E30E2BC91CE0000D2051 /* Capture.swift */ = {isa = PBXFileReference; fileEncoding = 4; lastKnownFileType = sourcecode.swift; path = Capture.swift; sourceTree = "<group>"; };
		F6D6E30F2BC91CE0000D2051 /* Color.swift */ = {isa = PBXFileReference; fileEncoding = 4; lastKnownFileType = sourcecode.swift; path = Color.swift; sourceTree = "<group>"; };
		F6D6E3102BC91CE0000D2051 /* Font.swift */ = {isa = PBXFileReference; fileEncoding = 4; lastKnownFileType = sourcecode.swift; path = Font.swift; sourceTree = "<group>"; };
		F6D6E3112BC91CE0000D2051 /* Grammar.swift */ = {isa = PBXFileReference; fileEncoding = 4; lastKnownFileType = sourcecode.swift; path = Grammar.swift; sourceTree = "<group>"; };
		F6D6E3122BC91CE0000D2051 /* IncludeGrammarPattern.swift */ = {isa = PBXFileReference; fileEncoding = 4; lastKnownFileType = sourcecode.swift; path = IncludeGrammarPattern.swift; sourceTree = "<group>"; };
		F6D6E3132BC91CE0000D2051 /* IncludeRulePattern.swift */ = {isa = PBXFileReference; fileEncoding = 4; lastKnownFileType = sourcecode.swift; path = IncludeRulePattern.swift; sourceTree = "<group>"; };
		F6D6E3142BC91CE0000D2051 /* LineState.swift */ = {isa = PBXFileReference; fileEncoding = 4; lastKnownFileType = sourcecode.swift; path = LineState.swift; sourceTree = "<group>"; };
		F6D6E3152BC91CE0000D2051 /* LineThemeAttribute.swift */ = {isa = PBXFileReference; fileEncoding = 4; lastKnownFileType = sourcecode.swift; path = LineThemeAttribute.swift; sourceTree = "<group>"; };
		F6D6E3162BC91CE0000D2051 /* MatchRule.swift */ = {isa = PBXFileReference; fileEncoding = 4; lastKnownFileType = sourcecode.swift; path = MatchRule.swift; sourceTree = "<group>"; };
		F6D6E3172BC91CE0000D2051 /* NSRange+Shifted.swift */ = {isa = PBXFileReference; fileEncoding = 4; lastKnownFileType = sourcecode.swift; path = "NSRange+Shifted.swift"; sourceTree = "<group>"; };
		F6D6E3182BC91CE0000D2051 /* ParagraphStyle.swift */ = {isa = PBXFileReference; fileEncoding = 4; lastKnownFileType = sourcecode.swift; path = ParagraphStyle.swift; sourceTree = "<group>"; };
		F6D6E3192BC91CE0000D2051 /* Parser.swift */ = {isa = PBXFileReference; fileEncoding = 4; lastKnownFileType = sourcecode.swift; path = Parser.swift; sourceTree = "<group>"; };
		F6D6E31A2BC91CE0000D2051 /* Pattern.swift */ = {isa = PBXFileReference; fileEncoding = 4; lastKnownFileType = sourcecode.swift; path = Pattern.swift; sourceTree = "<group>"; };
		F6D6E31B2BC91CE0000D2051 /* Repository.swift */ = {isa = PBXFileReference; fileEncoding = 4; lastKnownFileType = sourcecode.swift; path = Repository.swift; sourceTree = "<group>"; };
		F6D6E31C2BC91CE0000D2051 /* Rule.swift */ = {isa = PBXFileReference; fileEncoding = 4; lastKnownFileType = sourcecode.swift; path = Rule.swift; sourceTree = "<group>"; };
		F6D6E31D2BC91CE0000D2051 /* Scope.swift */ = {isa = PBXFileReference; fileEncoding = 4; lastKnownFileType = sourcecode.swift; path = Scope.swift; sourceTree = "<group>"; };
		F6D6E31E2BC91CE0000D2051 /* ScopeName.swift */ = {isa = PBXFileReference; fileEncoding = 4; lastKnownFileType = sourcecode.swift; path = ScopeName.swift; sourceTree = "<group>"; };
		F6D6E31F2BC91CE0000D2051 /* Theme.swift */ = {isa = PBXFileReference; fileEncoding = 4; lastKnownFileType = sourcecode.swift; path = Theme.swift; sourceTree = "<group>"; };
		F6D6E3202BC91CE0000D2051 /* Theme+Default.swift */ = {isa = PBXFileReference; fileEncoding = 4; lastKnownFileType = sourcecode.swift; path = "Theme+Default.swift"; sourceTree = "<group>"; };
		F6D6E3212BC91CE0000D2051 /* ThemeAttribute.swift */ = {isa = PBXFileReference; fileEncoding = 4; lastKnownFileType = sourcecode.swift; path = ThemeAttribute.swift; sourceTree = "<group>"; };
		F6D6E3222BC91CE0000D2051 /* ThemeSetting.swift */ = {isa = PBXFileReference; fileEncoding = 4; lastKnownFileType = sourcecode.swift; path = ThemeSetting.swift; sourceTree = "<group>"; };
		F6D6E3232BC91CE0000D2051 /* ThemeTrieElement.swift */ = {isa = PBXFileReference; fileEncoding = 4; lastKnownFileType = sourcecode.swift; path = ThemeTrieElement.swift; sourceTree = "<group>"; };
		F6D6E3242BC91CE0000D2051 /* Token.swift */ = {isa = PBXFileReference; fileEncoding = 4; lastKnownFileType = sourcecode.swift; path = Token.swift; sourceTree = "<group>"; };
		F6D6E3252BC91CE0000D2051 /* TokenizedLine.swift */ = {isa = PBXFileReference; fileEncoding = 4; lastKnownFileType = sourcecode.swift; path = TokenizedLine.swift; sourceTree = "<group>"; };
		F6D6E3262BC91CE0000D2051 /* TokenizeResult.swift */ = {isa = PBXFileReference; fileEncoding = 4; lastKnownFileType = sourcecode.swift; path = TokenizeResult.swift; sourceTree = "<group>"; };
		F6D6E3272BC91CE0000D2051 /* TokenThemeAttribute.swift */ = {isa = PBXFileReference; fileEncoding = 4; lastKnownFileType = sourcecode.swift; path = TokenThemeAttribute.swift; sourceTree = "<group>"; };
		F6E8269E2B0BDD6E0047477D /* MessagesView.swift */ = {isa = PBXFileReference; lastKnownFileType = sourcecode.swift; path = MessagesView.swift; sourceTree = "<group>"; };
		F6E826A02B0BF3630047477D /* IconPickerView.swift */ = {isa = PBXFileReference; lastKnownFileType = sourcecode.swift; path = IconPickerView.swift; sourceTree = "<group>"; };
		F6F393102B09DB7D005046F4 /* ConversationView.swift */ = {isa = PBXFileReference; lastKnownFileType = sourcecode.swift; path = ConversationView.swift; sourceTree = "<group>"; };
		F6F393122B0A06B4005046F4 /* ConversationListItem.swift */ = {isa = PBXFileReference; lastKnownFileType = sourcecode.swift; path = ConversationListItem.swift; sourceTree = "<group>"; };
		F6F393142B0A1784005046F4 /* Info.plist */ = {isa = PBXFileReference; lastKnownFileType = text.plist; path = Info.plist; sourceTree = "<group>"; };
		F6FA92EE2B052B9800D1D9B8 /* SettingsView.swift */ = {isa = PBXFileReference; lastKnownFileType = sourcecode.swift; path = SettingsView.swift; sourceTree = "<group>"; };
/* End PBXFileReference section */

/* Begin PBXFrameworksBuildPhase section */
		F6A7BEE42B01C57400D3CE25 /* Frameworks */ = {
			isa = PBXFrameworksBuildPhase;
			buildActionMask = 2147483647;
			files = (
				F6AD361A2BCAC55100B7AADD /* MarkdownUI in Frameworks */,
			);
			runOnlyForDeploymentPostprocessing = 0;
		};
/* End PBXFrameworksBuildPhase section */

/* Begin PBXGroup section */
		F636A11A2B05B22F00C24891 /* Settings */ = {
			isa = PBXGroup;
			children = (
				F6FA92EE2B052B9800D1D9B8 /* SettingsView.swift */,
				F636A11B2B05B23D00C24891 /* GeneralSettingsView.swift */,
			);
			path = Settings;
			sourceTree = "<group>";
		};
		F64F8E0D2B0214CC00C72E51 /* Views */ = {
			isa = PBXGroup;
			children = (
				F64F8E212B03090600C72E51 /* ContentView.swift */,
				F6A5E1B42BC6E5A40018B1B5 /* ToolbarView.swift */,
				F6A5E1B22BC6E4E90018B1B5 /* SidebarView.swift */,
				F6F393122B0A06B4005046F4 /* ConversationListItem.swift */,
				F6F393102B09DB7D005046F4 /* ConversationView.swift */,
				F6E8269E2B0BDD6E0047477D /* MessagesView.swift */,
				F6D6E2DA2BC80AA2000D2051 /* MessageInputView.swift */,
				F6D6E2D52BC805E9000D2051 /* SingleMessageView.swift */,
				F6A6566B2B1290E60018689F /* Components */,
				F636A11A2B05B22F00C24891 /* Settings */,
			);
			path = Views;
			sourceTree = "<group>";
		};
		F64F8E102B02200400C72E51 /* Handlers */ = {
			isa = PBXGroup;
			children = (
				F6D6E2E42BC82790000D2051 /* MarkdownEditor.swift */,
				F6D6E2E62BC82C86000D2051 /* GrammarHandler.swift */,
				F6D6E2E82BC82CAA000D2051 /* ThemeHandler.swift */,
				F6A5E1B92BC6F3D70018B1B5 /* StyleHandler.swift */,
				F6A5E1B62BC6EE480018B1B5 /* PreferencesHandler.swift */,
				F64F8E1F2B03082100C72E51 /* BanksiaHandler.swift */,
				F6081DF82B0485EA00A78D64 /* NetworkHandler.swift */,
				F6081DF62B04847600A78D64 /* KeychainHandler.swift */,
				F64F8E2D2B04254100C72E51 /* ConversationHandler.swift */,
				F697B8652B0B47610091CE79 /* GPTHandler.swift */,
				F6C161DE2B0CEE9700F4AB62 /* IconHandler.swift */,
			);
			path = Handlers;
			sourceTree = "<group>";
		};
		F64F8E2F2B042A0300C72E51 /* Support */ = {
			isa = PBXGroup;
			children = (
				F6AD361B2BCAC85600B7AADD /* MarkdownUI */,
				F6D6E2EC2BC91C40000D2051 /* Editor */,
				F6D6E2EA2BC82CFE000D2051 /* ExampleText.swift */,
				F6C161E02B0F63B800F4AB62 /* banksia_icons.json */,
				F64F8E302B042A2700C72E51 /* UtilityFunctions.swift */,
			);
			path = Support;
			sourceTree = "<group>";
		};
		F6A5E1B82BC6EF4E0018B1B5 /* Preview Content */ = {
			isa = PBXGroup;
			children = (
				F64F8E072B02140F00C72E51 /* SampleData+Conversation.swift */,
				F64F8E0B2B0214A000C72E51 /* SampleData+Messages.swift */,
				F64F8E022B02136D00C72E51 /* ModelContainerPreview.swift */,
			);
			name = "Preview Content";
			path = "Banksia/Preview Content";
			sourceTree = SOURCE_ROOT;
		};
		F6A6566B2B1290E60018689F /* Components */ = {
			isa = PBXGroup;
			children = (
				F697B8672B0B48160091CE79 /* ConversationStateView.swift */,
				F6E826A02B0BF3630047477D /* IconPickerView.swift */,
			);
			path = Components;
			sourceTree = "<group>";
		};
		F6A7BEDE2B01C57400D3CE25 = {
			isa = PBXGroup;
			children = (
				F6A7BEE92B01C57400D3CE25 /* Banksia */,
				F6A7BEE82B01C57400D3CE25 /* Products */,
			);
			sourceTree = "<group>";
		};
		F6A7BEE82B01C57400D3CE25 /* Products */ = {
			isa = PBXGroup;
			children = (
				F6A7BEE72B01C57400D3CE25 /* Banksia.app */,
			);
			name = Products;
			sourceTree = "<group>";
		};
		F6A7BEE92B01C57400D3CE25 /* Banksia */ = {
			isa = PBXGroup;
			children = (
				F6F393142B0A1784005046F4 /* Info.plist */,
				F6A7BEEA2B01C57400D3CE25 /* BanksiaApp.swift */,
				F6A7BEEE2B01C57400D3CE25 /* DataModel.swift */,
				F64F8E102B02200400C72E51 /* Handlers */,
				F64F8E0D2B0214CC00C72E51 /* Views */,
				F6A5E1B82BC6EF4E0018B1B5 /* Preview Content */,
				F64F8E2F2B042A0300C72E51 /* Support */,
				F6A7BEF02B01C57500D3CE25 /* Assets.xcassets */,
				F6A7BEF52B01C57500D3CE25 /* Banksia.entitlements */,
			);
			path = Banksia;
			sourceTree = "<group>";
		};
		F6AD361B2BCAC85600B7AADD /* MarkdownUI */ = {
			isa = PBXGroup;
			children = (
				F6AD361C2BCAC87900B7AADD /* Theme+MarkdownUI.swift */,
			);
			path = MarkdownUI;
			sourceTree = "<group>";
		};
		F6D6E2EC2BC91C40000D2051 /* Editor */ = {
			isa = PBXGroup;
			children = (
				F6D6E3282BC91CE0000D2051 /* EditorCore */,
				F6D6E30C2BC91CE0000D2051 /* EditorUI */,
			);
			path = Editor;
			sourceTree = "<group>";
		};
		F6D6E3022BC91CE0000D2051 /* Theme Attributes */ = {
			isa = PBXGroup;
			children = (
				F6D6E2ED2BC91CE0000D2051 /* ActionThemeAttribute.swift */,
				F6D6E2EE2BC91CE0000D2051 /* BackgroundColorThemeAttribute.swift */,
				F6D6E2EF2BC91CE0000D2051 /* BoldThemeAttribute.swift */,
				F6D6E2F02BC91CE0000D2051 /* ColorThemeAttribute.swift */,
				F6D6E2F12BC91CE0000D2051 /* DefaultTabIntervalThemeAttribute.swift */,
				F6D6E2F22BC91CE0000D2051 /* FirstLineHeadIndentThemeAttribute.swift */,
				F6D6E2F32BC91CE0000D2051 /* FontThemeAttribute.swift */,
				F6D6E2F42BC91CE0000D2051 /* HeadIndentThemeAttribute.swift */,
				F6D6E2F52BC91CE0000D2051 /* HiddenThemeAttribute.swift */,
				F6D6E2F62BC91CE0000D2051 /* ItalicThemeAttribute.swift */,
				F6D6E2F72BC91CE0000D2051 /* KernThemeAttribute.swift */,
				F6D6E2F82BC91CE0000D2051 /* LigatureThemeAttribute.swift */,
				F6D6E2F92BC91CE0000D2051 /* LineHeightThemeAttribute.swift */,
				F6D6E2FA2BC91CE0000D2051 /* ParagraphSpacingAfterThemeAttribute.swift */,
				F6D6E2FB2BC91CE0000D2051 /* ParagraphSpacingBeforeThemeAttribute.swift */,
				F6D6E2FC2BC91CE0000D2051 /* TabStopsThemeAttribute.swift */,
				F6D6E2FD2BC91CE0000D2051 /* TailIndentThemeAttribute.swift */,
				F6D6E2FE2BC91CE0000D2051 /* TextAlignmentThemeAttribute.swift */,
				F6D6E2FF2BC91CE0000D2051 /* TextBlockThemeAttribute.swift */,
				F6D6E3002BC91CE0000D2051 /* ThemeAttribute+Error.swift */,
				F6D6E3012BC91CE0000D2051 /* UndlerlineColorThemeAttribute.swift */,
			);
			path = "Theme Attributes";
			sourceTree = "<group>";
		};
		F6D6E30C2BC91CE0000D2051 /* EditorUI */ = {
			isa = PBXGroup;
			children = (
				F6D6E3022BC91CE0000D2051 /* Theme Attributes */,
				F6D6E3032BC91CE0000D2051 /* Editor.swift */,
				F6D6E3042BC91CE0000D2051 /* EditorLayoutManager.swift */,
				F6D6E3052BC91CE0000D2051 /* EditorTextStorage.swift */,
				F6D6E3062BC91CE0000D2051 /* EditorTextView.swift */,
				F6D6E3072BC91CE0000D2051 /* Grammar+Default.swift */,
				F6D6E3082BC91CE0000D2051 /* LineNumberGutter.swift */,
				F6D6E3092BC91CE0000D2051 /* NSAttributedString.swift */,
				F6D6E30A2BC91CE0000D2051 /* Pasteboard.swift */,
				F6D6E30B2BC91CE0000D2051 /* StringProtocol.swift */,
			);
			path = EditorUI;
			sourceTree = "<group>";
		};
		F6D6E3282BC91CE0000D2051 /* EditorCore */ = {
			isa = PBXGroup;
			children = (
				F6D6E30D2BC91CE0000D2051 /* BeginEndRule.swift */,
				F6D6E30E2BC91CE0000D2051 /* Capture.swift */,
				F6D6E30F2BC91CE0000D2051 /* Color.swift */,
				F6D6E3102BC91CE0000D2051 /* Font.swift */,
				F6D6E3112BC91CE0000D2051 /* Grammar.swift */,
				F6D6E3122BC91CE0000D2051 /* IncludeGrammarPattern.swift */,
				F6D6E3132BC91CE0000D2051 /* IncludeRulePattern.swift */,
				F6D6E3142BC91CE0000D2051 /* LineState.swift */,
				F6D6E3152BC91CE0000D2051 /* LineThemeAttribute.swift */,
				F6D6E3162BC91CE0000D2051 /* MatchRule.swift */,
				F6D6E3172BC91CE0000D2051 /* NSRange+Shifted.swift */,
				F6D6E3182BC91CE0000D2051 /* ParagraphStyle.swift */,
				F6D6E3192BC91CE0000D2051 /* Parser.swift */,
				F6D6E31A2BC91CE0000D2051 /* Pattern.swift */,
				F6D6E31B2BC91CE0000D2051 /* Repository.swift */,
				F6D6E31C2BC91CE0000D2051 /* Rule.swift */,
				F6D6E31D2BC91CE0000D2051 /* Scope.swift */,
				F6D6E31E2BC91CE0000D2051 /* ScopeName.swift */,
				F6D6E31F2BC91CE0000D2051 /* Theme.swift */,
				F6D6E3202BC91CE0000D2051 /* Theme+Default.swift */,
				F6D6E3212BC91CE0000D2051 /* ThemeAttribute.swift */,
				F6D6E3222BC91CE0000D2051 /* ThemeSetting.swift */,
				F6D6E3232BC91CE0000D2051 /* ThemeTrieElement.swift */,
				F6D6E3242BC91CE0000D2051 /* Token.swift */,
				F6D6E3252BC91CE0000D2051 /* TokenizedLine.swift */,
				F6D6E3262BC91CE0000D2051 /* TokenizeResult.swift */,
				F6D6E3272BC91CE0000D2051 /* TokenThemeAttribute.swift */,
			);
			path = EditorCore;
			sourceTree = "<group>";
		};
/* End PBXGroup section */

/* Begin PBXNativeTarget section */
		F6A7BEE62B01C57400D3CE25 /* Banksia */ = {
			isa = PBXNativeTarget;
			buildConfigurationList = F6A7BEF82B01C57500D3CE25 /* Build configuration list for PBXNativeTarget "Banksia" */;
			buildPhases = (
				F6A7BEE32B01C57400D3CE25 /* Sources */,
				F6A7BEE42B01C57400D3CE25 /* Frameworks */,
				F6A7BEE52B01C57400D3CE25 /* Resources */,
			);
			buildRules = (
			);
			dependencies = (
			);
			name = Banksia;
			packageProductDependencies = (
				F6AD36192BCAC55100B7AADD /* MarkdownUI */,
			);
			productName = Banksia;
			productReference = F6A7BEE72B01C57400D3CE25 /* Banksia.app */;
			productType = "com.apple.product-type.application";
		};
/* End PBXNativeTarget section */

/* Begin PBXProject section */
		F6A7BEDF2B01C57400D3CE25 /* Project object */ = {
			isa = PBXProject;
			attributes = {
				BuildIndependentTargetsInParallel = 1;
				LastSwiftUpdateCheck = 1500;
				LastUpgradeCheck = 1510;
				TargetAttributes = {
					F6A7BEE62B01C57400D3CE25 = {
						CreatedOnToolsVersion = 15.0.1;
					};
				};
			};
			buildConfigurationList = F6A7BEE22B01C57400D3CE25 /* Build configuration list for PBXProject "Banksia" */;
			compatibilityVersion = "Xcode 14.0";
			developmentRegion = en;
			hasScannedForEncodings = 0;
			knownRegions = (
				en,
				Base,
			);
			mainGroup = F6A7BEDE2B01C57400D3CE25;
			packageReferences = (
				F6AD36182BCAC55100B7AADD /* XCRemoteSwiftPackageReference "swift-markdown-ui" */,
			);
			productRefGroup = F6A7BEE82B01C57400D3CE25 /* Products */;
			projectDirPath = "";
			projectRoot = "";
			targets = (
				F6A7BEE62B01C57400D3CE25 /* Banksia */,
			);
		};
/* End PBXProject section */

/* Begin PBXResourcesBuildPhase section */
		F6A7BEE52B01C57400D3CE25 /* Resources */ = {
			isa = PBXResourcesBuildPhase;
			buildActionMask = 2147483647;
			files = (
				F6C161E12B0F63B800F4AB62 /* banksia_icons.json in Resources */,
				F6A7BEF12B01C57500D3CE25 /* Assets.xcassets in Resources */,
			);
			runOnlyForDeploymentPostprocessing = 0;
		};
/* End PBXResourcesBuildPhase section */

/* Begin PBXSourcesBuildPhase section */
		F6A7BEE32B01C57400D3CE25 /* Sources */ = {
			isa = PBXSourcesBuildPhase;
			buildActionMask = 2147483647;
			files = (
				F6D6E2D62BC805E9000D2051 /* SingleMessageView.swift in Sources */,
				F6D6E32E2BC91CE0000D2051 /* FirstLineHeadIndentThemeAttribute.swift in Sources */,
				F6D6E33E2BC91CE0000D2051 /* Editor.swift in Sources */,
				F6D6E2E52BC82790000D2051 /* MarkdownEditor.swift in Sources */,
				F6A7BEEB2B01C57400D3CE25 /* BanksiaApp.swift in Sources */,
				F6D6E34C2BC91CE0000D2051 /* IncludeGrammarPattern.swift in Sources */,
				F6A5E1BA2BC6F3D80018B1B5 /* StyleHandler.swift in Sources */,
				F6D6E33A2BC91CE0000D2051 /* TextAlignmentThemeAttribute.swift in Sources */,
				F6D6E3572BC91CE0000D2051 /* Scope.swift in Sources */,
				F6D6E32A2BC91CE0000D2051 /* BackgroundColorThemeAttribute.swift in Sources */,
				F6D6E34B2BC91CE0000D2051 /* Grammar.swift in Sources */,
				F6A7BEEF2B01C57400D3CE25 /* DataModel.swift in Sources */,
				F6A5E1B52BC6E5A40018B1B5 /* ToolbarView.swift in Sources */,
				F6D6E2E92BC82CAA000D2051 /* ThemeHandler.swift in Sources */,
				F6A5E1B72BC6EE480018B1B5 /* PreferencesHandler.swift in Sources */,
				F6D6E3612BC91CE0000D2051 /* TokenThemeAttribute.swift in Sources */,
				F6D6E35E2BC91CE0000D2051 /* Token.swift in Sources */,
				F6D6E3432BC91CE0000D2051 /* LineNumberGutter.swift in Sources */,
				F6D6E34E2BC91CE0000D2051 /* LineState.swift in Sources */,
				F6D6E3322BC91CE0000D2051 /* ItalicThemeAttribute.swift in Sources */,
				F64F8E202B03082100C72E51 /* BanksiaHandler.swift in Sources */,
				F6D6E2EB2BC82CFE000D2051 /* ExampleText.swift in Sources */,
				F6D6E3422BC91CE0000D2051 /* Grammar+Default.swift in Sources */,
				F697B8662B0B47610091CE79 /* GPTHandler.swift in Sources */,
				F6F393132B0A06B4005046F4 /* ConversationListItem.swift in Sources */,
				F6D6E34F2BC91CE0000D2051 /* LineThemeAttribute.swift in Sources */,
				F64F8E222B03090600C72E51 /* ContentView.swift in Sources */,
				F6D6E3312BC91CE0000D2051 /* HiddenThemeAttribute.swift in Sources */,
				F6D6E32D2BC91CE0000D2051 /* DefaultTabIntervalThemeAttribute.swift in Sources */,
				F6081DF92B0485EA00A78D64 /* NetworkHandler.swift in Sources */,
				F6D6E35B2BC91CE0000D2051 /* ThemeAttribute.swift in Sources */,
				F6D6E3442BC91CE0000D2051 /* NSAttributedString.swift in Sources */,
				F6D6E33D2BC91CE0000D2051 /* UndlerlineColorThemeAttribute.swift in Sources */,
				F6D6E3592BC91CE0000D2051 /* Theme.swift in Sources */,
				F6D6E3292BC91CE0000D2051 /* ActionThemeAttribute.swift in Sources */,
				F64F8E312B042A2700C72E51 /* UtilityFunctions.swift in Sources */,
				F6FA92EF2B052B9800D1D9B8 /* SettingsView.swift in Sources */,
				F6D6E3552BC91CE0000D2051 /* Repository.swift in Sources */,
				F6D6E32C2BC91CE0000D2051 /* ColorThemeAttribute.swift in Sources */,
				F636A11C2B05B23D00C24891 /* GeneralSettingsView.swift in Sources */,
				F6D6E35F2BC91CE0000D2051 /* TokenizedLine.swift in Sources */,
				F6F393112B09DB7D005046F4 /* ConversationView.swift in Sources */,
				F6D6E33B2BC91CE0000D2051 /* TextBlockThemeAttribute.swift in Sources */,
				F6D6E3542BC91CE0000D2051 /* Pattern.swift in Sources */,
				F6C161DF2B0CEE9700F4AB62 /* IconHandler.swift in Sources */,
				F6D6E3472BC91CE0000D2051 /* BeginEndRule.swift in Sources */,
				F6D6E2DB2BC80AA2000D2051 /* MessageInputView.swift in Sources */,
				F6D6E3392BC91CE0000D2051 /* TailIndentThemeAttribute.swift in Sources */,
				F6081DF72B04847600A78D64 /* KeychainHandler.swift in Sources */,
				F6D6E3502BC91CE0000D2051 /* MatchRule.swift in Sources */,
				F697B8682B0B48160091CE79 /* ConversationStateView.swift in Sources */,
				F64F8E082B02140F00C72E51 /* SampleData+Conversation.swift in Sources */,
				F6D6E3452BC91CE0000D2051 /* Pasteboard.swift in Sources */,
				F6D6E3372BC91CE0000D2051 /* ParagraphSpacingBeforeThemeAttribute.swift in Sources */,
				F6D6E3602BC91CE0000D2051 /* TokenizeResult.swift in Sources */,
				F6D6E3532BC91CE0000D2051 /* Parser.swift in Sources */,
				F6D6E3352BC91CE0000D2051 /* LineHeightThemeAttribute.swift in Sources */,
				F64F8E0C2B0214A000C72E51 /* SampleData+Messages.swift in Sources */,
				F64F8E032B02136D00C72E51 /* ModelContainerPreview.swift in Sources */,
				F6D6E3492BC91CE0000D2051 /* Color.swift in Sources */,
				F6D6E3302BC91CE0000D2051 /* HeadIndentThemeAttribute.swift in Sources */,
				F6D6E3462BC91CE0000D2051 /* StringProtocol.swift in Sources */,
				F6D6E3342BC91CE0000D2051 /* LigatureThemeAttribute.swift in Sources */,
				F6D6E3412BC91CE0000D2051 /* EditorTextView.swift in Sources */,
				F6A5E1B32BC6E4E90018B1B5 /* SidebarView.swift in Sources */,
				F6D6E32F2BC91CE0000D2051 /* FontThemeAttribute.swift in Sources */,
				F6E8269F2B0BDD6E0047477D /* MessagesView.swift in Sources */,
				F6D6E3512BC91CE0000D2051 /* NSRange+Shifted.swift in Sources */,
				F6D6E35C2BC91CE0000D2051 /* ThemeSetting.swift in Sources */,
				F6D6E33F2BC91CE0000D2051 /* EditorLayoutManager.swift in Sources */,
				F6D6E3402BC91CE0000D2051 /* EditorTextStorage.swift in Sources */,
				F6D6E35A2BC91CE0000D2051 /* Theme+Default.swift in Sources */,
				F6E826A12B0BF3630047477D /* IconPickerView.swift in Sources */,
				F6D6E3482BC91CE0000D2051 /* Capture.swift in Sources */,
				F6D6E3562BC91CE0000D2051 /* Rule.swift in Sources */,
				F6D6E33C2BC91CE0000D2051 /* ThemeAttribute+Error.swift in Sources */,
				F6D6E32B2BC91CE0000D2051 /* BoldThemeAttribute.swift in Sources */,
				F6D6E3362BC91CE0000D2051 /* ParagraphSpacingAfterThemeAttribute.swift in Sources */,
				F6D6E2E72BC82C86000D2051 /* GrammarHandler.swift in Sources */,
				F6D6E35D2BC91CE0000D2051 /* ThemeTrieElement.swift in Sources */,
				F6AD361D2BCAC87900B7AADD /* Theme+MarkdownUI.swift in Sources */,
				F6D6E3582BC91CE0000D2051 /* ScopeName.swift in Sources */,
				F6D6E34A2BC91CE0000D2051 /* Font.swift in Sources */,
				F6D6E34D2BC91CE0000D2051 /* IncludeRulePattern.swift in Sources */,
				F6D6E3332BC91CE0000D2051 /* KernThemeAttribute.swift in Sources */,
				F6D6E3382BC91CE0000D2051 /* TabStopsThemeAttribute.swift in Sources */,
				F6D6E3522BC91CE0000D2051 /* ParagraphStyle.swift in Sources */,
				F64F8E2E2B04254100C72E51 /* ConversationHandler.swift in Sources */,
			);
			runOnlyForDeploymentPostprocessing = 0;
		};
/* End PBXSourcesBuildPhase section */

/* Begin XCBuildConfiguration section */
		F6A7BEF62B01C57500D3CE25 /* Debug */ = {
			isa = XCBuildConfiguration;
			buildSettings = {
				ALWAYS_SEARCH_USER_PATHS = NO;
				ASSETCATALOG_COMPILER_GENERATE_SWIFT_ASSET_SYMBOL_EXTENSIONS = YES;
				CLANG_ANALYZER_NONNULL = YES;
				CLANG_ANALYZER_NUMBER_OBJECT_CONVERSION = YES_AGGRESSIVE;
				CLANG_CXX_LANGUAGE_STANDARD = "gnu++20";
				CLANG_ENABLE_MODULES = YES;
				CLANG_ENABLE_OBJC_ARC = YES;
				CLANG_ENABLE_OBJC_WEAK = YES;
				CLANG_WARN_BLOCK_CAPTURE_AUTORELEASING = YES;
				CLANG_WARN_BOOL_CONVERSION = YES;
				CLANG_WARN_COMMA = YES;
				CLANG_WARN_CONSTANT_CONVERSION = YES;
				CLANG_WARN_DEPRECATED_OBJC_IMPLEMENTATIONS = YES;
				CLANG_WARN_DIRECT_OBJC_ISA_USAGE = YES_ERROR;
				CLANG_WARN_DOCUMENTATION_COMMENTS = YES;
				CLANG_WARN_EMPTY_BODY = YES;
				CLANG_WARN_ENUM_CONVERSION = YES;
				CLANG_WARN_INFINITE_RECURSION = YES;
				CLANG_WARN_INT_CONVERSION = YES;
				CLANG_WARN_NON_LITERAL_NULL_CONVERSION = YES;
				CLANG_WARN_OBJC_IMPLICIT_RETAIN_SELF = YES;
				CLANG_WARN_OBJC_LITERAL_CONVERSION = YES;
				CLANG_WARN_OBJC_ROOT_CLASS = YES_ERROR;
				CLANG_WARN_QUOTED_INCLUDE_IN_FRAMEWORK_HEADER = YES;
				CLANG_WARN_RANGE_LOOP_ANALYSIS = YES;
				CLANG_WARN_STRICT_PROTOTYPES = YES;
				CLANG_WARN_SUSPICIOUS_MOVE = YES;
				CLANG_WARN_UNGUARDED_AVAILABILITY = YES_AGGRESSIVE;
				CLANG_WARN_UNREACHABLE_CODE = YES;
				CLANG_WARN__DUPLICATE_METHOD_MATCH = YES;
				COPY_PHASE_STRIP = NO;
				DEAD_CODE_STRIPPING = YES;
				DEBUG_INFORMATION_FORMAT = dwarf;
				ENABLE_STRICT_OBJC_MSGSEND = YES;
				ENABLE_TESTABILITY = YES;
				ENABLE_USER_SCRIPT_SANDBOXING = YES;
				GCC_C_LANGUAGE_STANDARD = gnu17;
				GCC_DYNAMIC_NO_PIC = NO;
				GCC_NO_COMMON_BLOCKS = YES;
				GCC_OPTIMIZATION_LEVEL = 0;
				GCC_PREPROCESSOR_DEFINITIONS = (
					"DEBUG=1",
					"$(inherited)",
				);
				GCC_WARN_64_TO_32_BIT_CONVERSION = YES;
				GCC_WARN_ABOUT_RETURN_TYPE = YES_ERROR;
				GCC_WARN_UNDECLARED_SELECTOR = YES;
				GCC_WARN_UNINITIALIZED_AUTOS = YES_AGGRESSIVE;
				GCC_WARN_UNUSED_FUNCTION = YES;
				GCC_WARN_UNUSED_VARIABLE = YES;
				LOCALIZATION_PREFERS_STRING_CATALOGS = YES;
				MACOSX_DEPLOYMENT_TARGET = 14.0;
				MTL_ENABLE_DEBUG_INFO = INCLUDE_SOURCE;
				MTL_FAST_MATH = YES;
				ONLY_ACTIVE_ARCH = YES;
				SDKROOT = macosx;
				SWIFT_ACTIVE_COMPILATION_CONDITIONS = "DEBUG $(inherited)";
				SWIFT_OPTIMIZATION_LEVEL = "-Onone";
			};
			name = Debug;
		};
		F6A7BEF72B01C57500D3CE25 /* Release */ = {
			isa = XCBuildConfiguration;
			buildSettings = {
				ALWAYS_SEARCH_USER_PATHS = NO;
				ASSETCATALOG_COMPILER_GENERATE_SWIFT_ASSET_SYMBOL_EXTENSIONS = YES;
				CLANG_ANALYZER_NONNULL = YES;
				CLANG_ANALYZER_NUMBER_OBJECT_CONVERSION = YES_AGGRESSIVE;
				CLANG_CXX_LANGUAGE_STANDARD = "gnu++20";
				CLANG_ENABLE_MODULES = YES;
				CLANG_ENABLE_OBJC_ARC = YES;
				CLANG_ENABLE_OBJC_WEAK = YES;
				CLANG_WARN_BLOCK_CAPTURE_AUTORELEASING = YES;
				CLANG_WARN_BOOL_CONVERSION = YES;
				CLANG_WARN_COMMA = YES;
				CLANG_WARN_CONSTANT_CONVERSION = YES;
				CLANG_WARN_DEPRECATED_OBJC_IMPLEMENTATIONS = YES;
				CLANG_WARN_DIRECT_OBJC_ISA_USAGE = YES_ERROR;
				CLANG_WARN_DOCUMENTATION_COMMENTS = YES;
				CLANG_WARN_EMPTY_BODY = YES;
				CLANG_WARN_ENUM_CONVERSION = YES;
				CLANG_WARN_INFINITE_RECURSION = YES;
				CLANG_WARN_INT_CONVERSION = YES;
				CLANG_WARN_NON_LITERAL_NULL_CONVERSION = YES;
				CLANG_WARN_OBJC_IMPLICIT_RETAIN_SELF = YES;
				CLANG_WARN_OBJC_LITERAL_CONVERSION = YES;
				CLANG_WARN_OBJC_ROOT_CLASS = YES_ERROR;
				CLANG_WARN_QUOTED_INCLUDE_IN_FRAMEWORK_HEADER = YES;
				CLANG_WARN_RANGE_LOOP_ANALYSIS = YES;
				CLANG_WARN_STRICT_PROTOTYPES = YES;
				CLANG_WARN_SUSPICIOUS_MOVE = YES;
				CLANG_WARN_UNGUARDED_AVAILABILITY = YES_AGGRESSIVE;
				CLANG_WARN_UNREACHABLE_CODE = YES;
				CLANG_WARN__DUPLICATE_METHOD_MATCH = YES;
				COPY_PHASE_STRIP = NO;
				DEAD_CODE_STRIPPING = YES;
				DEBUG_INFORMATION_FORMAT = "dwarf-with-dsym";
				ENABLE_NS_ASSERTIONS = NO;
				ENABLE_STRICT_OBJC_MSGSEND = YES;
				ENABLE_USER_SCRIPT_SANDBOXING = YES;
				GCC_C_LANGUAGE_STANDARD = gnu17;
				GCC_NO_COMMON_BLOCKS = YES;
				GCC_WARN_64_TO_32_BIT_CONVERSION = YES;
				GCC_WARN_ABOUT_RETURN_TYPE = YES_ERROR;
				GCC_WARN_UNDECLARED_SELECTOR = YES;
				GCC_WARN_UNINITIALIZED_AUTOS = YES_AGGRESSIVE;
				GCC_WARN_UNUSED_FUNCTION = YES;
				GCC_WARN_UNUSED_VARIABLE = YES;
				LOCALIZATION_PREFERS_STRING_CATALOGS = YES;
				MACOSX_DEPLOYMENT_TARGET = 14.0;
				MTL_ENABLE_DEBUG_INFO = NO;
				MTL_FAST_MATH = YES;
				SDKROOT = macosx;
				SWIFT_COMPILATION_MODE = wholemodule;
			};
			name = Release;
		};
		F6A7BEF92B01C57500D3CE25 /* Debug */ = {
			isa = XCBuildConfiguration;
			buildSettings = {
				ASSETCATALOG_COMPILER_APPICON_NAME = AppIcon;
				ASSETCATALOG_COMPILER_GLOBAL_ACCENT_COLOR_NAME = AccentColor;
				CODE_SIGN_ENTITLEMENTS = Banksia/Banksia.entitlements;
				CODE_SIGN_STYLE = Automatic;
				COMBINE_HIDPI_IMAGES = YES;
				CURRENT_PROJECT_VERSION = 1;
				DEAD_CODE_STRIPPING = YES;
				DEVELOPMENT_ASSET_PATHS = "\"Banksia/Preview Content\"";
				DEVELOPMENT_TEAM = F2W5BX3D7F;
				ENABLE_HARDENED_RUNTIME = YES;
				ENABLE_PREVIEWS = YES;
				GENERATE_INFOPLIST_FILE = YES;
				INFOPLIST_FILE = Banksia/Info.plist;
				INFOPLIST_KEY_CFBundleDisplayName = Banksia;
				INFOPLIST_KEY_LSApplicationCategoryType = "public.app-category.productivity";
				INFOPLIST_KEY_NSHumanReadableCopyright = "";
				INFOPLIST_KEY_UIStatusBarHidden = YES;
				INFOPLIST_KEY_UISupportedInterfaceOrientations = "UIInterfaceOrientationLandscapeLeft UIInterfaceOrientationLandscapeRight UIInterfaceOrientationPortrait UIInterfaceOrientationPortraitUpsideDown";
				IPHONEOS_DEPLOYMENT_TARGET = 17.0;
				LD_RUNPATH_SEARCH_PATHS = (
					"$(inherited)",
					"@executable_path/../Frameworks",
				);
				MACOSX_DEPLOYMENT_TARGET = 14.0;
				MARKETING_VERSION = 1.0;
				PRODUCT_BUNDLE_IDENTIFIER = dvclmn.Banksia;
				PRODUCT_NAME = "$(TARGET_NAME)";
				SUPPORTED_PLATFORMS = "iphoneos iphonesimulator macosx xros xrsimulator";
				SUPPORTS_MACCATALYST = NO;
				SWIFT_EMIT_LOC_STRINGS = YES;
				SWIFT_VERSION = 5.0;
				TARGETED_DEVICE_FAMILY = "1,2,7";
				XROS_DEPLOYMENT_TARGET = 1.0;
			};
			name = Debug;
		};
		F6A7BEFA2B01C57500D3CE25 /* Release */ = {
			isa = XCBuildConfiguration;
			buildSettings = {
				ASSETCATALOG_COMPILER_APPICON_NAME = AppIcon;
				ASSETCATALOG_COMPILER_GLOBAL_ACCENT_COLOR_NAME = AccentColor;
				CODE_SIGN_ENTITLEMENTS = Banksia/Banksia.entitlements;
				CODE_SIGN_STYLE = Automatic;
				COMBINE_HIDPI_IMAGES = YES;
				CURRENT_PROJECT_VERSION = 1;
				DEAD_CODE_STRIPPING = YES;
				DEVELOPMENT_ASSET_PATHS = "\"Banksia/Preview Content\"";
				DEVELOPMENT_TEAM = F2W5BX3D7F;
				ENABLE_HARDENED_RUNTIME = YES;
				ENABLE_PREVIEWS = YES;
				GENERATE_INFOPLIST_FILE = YES;
				INFOPLIST_FILE = Banksia/Info.plist;
				INFOPLIST_KEY_CFBundleDisplayName = Banksia;
				INFOPLIST_KEY_LSApplicationCategoryType = "public.app-category.productivity";
				INFOPLIST_KEY_NSHumanReadableCopyright = "";
				INFOPLIST_KEY_UIStatusBarHidden = YES;
				INFOPLIST_KEY_UISupportedInterfaceOrientations = "UIInterfaceOrientationLandscapeLeft UIInterfaceOrientationLandscapeRight UIInterfaceOrientationPortrait UIInterfaceOrientationPortraitUpsideDown";
				IPHONEOS_DEPLOYMENT_TARGET = 17.0;
				LD_RUNPATH_SEARCH_PATHS = (
					"$(inherited)",
					"@executable_path/../Frameworks",
				);
				MACOSX_DEPLOYMENT_TARGET = 14.0;
				MARKETING_VERSION = 1.0;
				PRODUCT_BUNDLE_IDENTIFIER = dvclmn.Banksia;
				PRODUCT_NAME = "$(TARGET_NAME)";
				SUPPORTED_PLATFORMS = "iphoneos iphonesimulator macosx xros xrsimulator";
				SUPPORTS_MACCATALYST = NO;
				SWIFT_EMIT_LOC_STRINGS = YES;
				SWIFT_VERSION = 5.0;
				TARGETED_DEVICE_FAMILY = "1,2,7";
				XROS_DEPLOYMENT_TARGET = 1.0;
			};
			name = Release;
		};
/* End XCBuildConfiguration section */

/* Begin XCConfigurationList section */
		F6A7BEE22B01C57400D3CE25 /* Build configuration list for PBXProject "Banksia" */ = {
			isa = XCConfigurationList;
			buildConfigurations = (
				F6A7BEF62B01C57500D3CE25 /* Debug */,
				F6A7BEF72B01C57500D3CE25 /* Release */,
			);
			defaultConfigurationIsVisible = 0;
			defaultConfigurationName = Release;
		};
		F6A7BEF82B01C57500D3CE25 /* Build configuration list for PBXNativeTarget "Banksia" */ = {
			isa = XCConfigurationList;
			buildConfigurations = (
				F6A7BEF92B01C57500D3CE25 /* Debug */,
				F6A7BEFA2B01C57500D3CE25 /* Release */,
			);
			defaultConfigurationIsVisible = 0;
			defaultConfigurationName = Release;
		};
/* End XCConfigurationList section */

/* Begin XCRemoteSwiftPackageReference section */
		F6AD36182BCAC55100B7AADD /* XCRemoteSwiftPackageReference "swift-markdown-ui" */ = {
			isa = XCRemoteSwiftPackageReference;
			repositoryURL = "https://github.com/gonzalezreal/swift-markdown-ui.git";
			requirement = {
				kind = upToNextMajorVersion;
				minimumVersion = 2.3.0;
			};
		};
/* End XCRemoteSwiftPackageReference section */

/* Begin XCSwiftPackageProductDependency section */
		F6AD36192BCAC55100B7AADD /* MarkdownUI */ = {
			isa = XCSwiftPackageProductDependency;
			package = F6AD36182BCAC55100B7AADD /* XCRemoteSwiftPackageReference "swift-markdown-ui" */;
			productName = MarkdownUI;
		};
/* End XCSwiftPackageProductDependency section */
	};
	rootObject = F6A7BEDF2B01C57400D3CE25 /* Project object */;
}
