// !$*UTF8*$!
{
	archiveVersion = 1;
	classes = {
	};
	objectVersion = 60;
	objects = {

/* Begin PBXBuildFile section */
		F60B6A732C005D7B007EDCDD /* SidebarHandler.swift in Sources */ = {isa = PBXBuildFile; fileRef = F60B6A722C005D7B007EDCDD /* SidebarHandler.swift */; };
		F626CD1E2BFA73D1002A0D8A /* APIHandler in Frameworks */ = {isa = PBXBuildFile; productRef = F626CD1D2BFA73D1002A0D8A /* APIHandler */; };
		F635C17E2BD0F41100E4EA4A /* SmoothGradient in Frameworks */ = {isa = PBXBuildFile; productRef = F635C17D2BD0F41100E4EA4A /* SmoothGradient */; };
		F636A11C2B05B23D00C24891 /* GeneralSettingsView.swift in Sources */ = {isa = PBXBuildFile; fileRef = F636A11B2B05B23D00C24891 /* GeneralSettingsView.swift */; };
		F639D8B82BD3C3650035226E /* MarkdownModel.swift in Sources */ = {isa = PBXBuildFile; fileRef = F639D8B72BD3C3650035226E /* MarkdownModel.swift */; };
		F639D8C52BD517AF0035226E /* xcode.min.css in Resources */ = {isa = PBXBuildFile; fileRef = F639D8C42BD517AF0035226E /* xcode.min.css */; };
		F639D8C82BD518330035226E /* Highlightr in Frameworks */ = {isa = PBXBuildFile; productRef = F639D8C72BD518330035226E /* Highlightr */; };
		F639D8CA2BD51B2A0035226E /* CodeSyntaxTheme.swift in Sources */ = {isa = PBXBuildFile; fileRef = F639D8C92BD51B2A0035226E /* CodeSyntaxTheme.swift */; };
		F644B17D2BF276F70098FDCF /* Utilities in Frameworks */ = {isa = PBXBuildFile; productRef = F644B17C2BF276F70098FDCF /* Utilities */; };
		F64F8E032B02136D00C72E51 /* ModelContainerPreview.swift in Sources */ = {isa = PBXBuildFile; fileRef = F64F8E022B02136D00C72E51 /* ModelContainerPreview.swift */; };
		F64F8E082B02140F00C72E51 /* SampleData+Conversation.swift in Sources */ = {isa = PBXBuildFile; fileRef = F64F8E072B02140F00C72E51 /* SampleData+Conversation.swift */; };
		F64F8E0C2B0214A000C72E51 /* SampleData+Messages.swift in Sources */ = {isa = PBXBuildFile; fileRef = F64F8E0B2B0214A000C72E51 /* SampleData+Messages.swift */; };
		F64F8E202B03082100C72E51 /* BanksiaHandler.swift in Sources */ = {isa = PBXBuildFile; fileRef = F64F8E1F2B03082100C72E51 /* BanksiaHandler.swift */; };
		F64F8E222B03090600C72E51 /* ContentView.swift in Sources */ = {isa = PBXBuildFile; fileRef = F64F8E212B03090600C72E51 /* ContentView.swift */; };
		F64F8E2E2B04254100C72E51 /* ConversationHandler.swift in Sources */ = {isa = PBXBuildFile; fileRef = F64F8E2D2B04254100C72E51 /* ConversationHandler.swift */; };
		F64F8E312B042A2700C72E51 /* UtilityFunctions.swift in Sources */ = {isa = PBXBuildFile; fileRef = F64F8E302B042A2700C72E51 /* UtilityFunctions.swift */; };
		F6623F672BFF89B40087C518 /* Components in Frameworks */ = {isa = PBXBuildFile; productRef = F6623F662BFF89B40087C518 /* Components */; };
		F6623F692BFF89B40087C518 /* Structure in Frameworks */ = {isa = PBXBuildFile; productRef = F6623F682BFF89B40087C518 /* Structure */; };
		F6623F6B2BFF89B40087C518 /* Styles in Frameworks */ = {isa = PBXBuildFile; productRef = F6623F6A2BFF89B40087C518 /* Styles */; };
		F663C2682BD25FC0000D8F5F /* MarkdownEditor.swift in Sources */ = {isa = PBXBuildFile; fileRef = F663C2672BD25FC0000D8F5F /* MarkdownEditor.swift */; };
		F6795C7D2BCE70920093BC9C /* ConversationEditorView.swift in Sources */ = {isa = PBXBuildFile; fileRef = F6795C7C2BCE70920093BC9C /* ConversationEditorView.swift */; };
		F6795C7F2BCE7A4D0093BC9C /* GlobalConversationSettingsView.swift in Sources */ = {isa = PBXBuildFile; fileRef = F6795C7E2BCE7A4D0093BC9C /* GlobalConversationSettingsView.swift */; };
		F687189C2BFF4F2100955B43 /* DetailView.swift in Sources */ = {isa = PBXBuildFile; fileRef = F687189B2BFF4F2100955B43 /* DetailView.swift */; };
		F687189E2BFF742800955B43 /* NavigationHandler.swift in Sources */ = {isa = PBXBuildFile; fileRef = F687189D2BFF742800955B43 /* NavigationHandler.swift */; };
		F697B8662B0B47610091CE79 /* GPTModel.swift in Sources */ = {isa = PBXBuildFile; fileRef = F697B8652B0B47610091CE79 /* GPTModel.swift */; };
		F697B8682B0B48160091CE79 /* ConversationStateView.swift in Sources */ = {isa = PBXBuildFile; fileRef = F697B8672B0B48160091CE79 /* ConversationStateView.swift */; };
		F6988DC12BD1597800D20E4C /* MapTest.swift in Sources */ = {isa = PBXBuildFile; fileRef = F6988DC02BD1597800D20E4C /* MapTest.swift */; };
		F6A5E1B32BC6E4E90018B1B5 /* SidebarView.swift in Sources */ = {isa = PBXBuildFile; fileRef = F6A5E1B22BC6E4E90018B1B5 /* SidebarView.swift */; };
		F6A5E1B52BC6E5A40018B1B5 /* ToolbarView.swift in Sources */ = {isa = PBXBuildFile; fileRef = F6A5E1B42BC6E5A40018B1B5 /* ToolbarView.swift */; };
		F6A5E1B72BC6EE480018B1B5 /* PreferencesHandler.swift in Sources */ = {isa = PBXBuildFile; fileRef = F6A5E1B62BC6EE480018B1B5 /* PreferencesHandler.swift */; };
		F6A5E1BA2BC6F3D80018B1B5 /* StyleHandler.swift in Sources */ = {isa = PBXBuildFile; fileRef = F6A5E1B92BC6F3D70018B1B5 /* StyleHandler.swift */; };
		F6A7BEEB2B01C57400D3CE25 /* BanksiaApp.swift in Sources */ = {isa = PBXBuildFile; fileRef = F6A7BEEA2B01C57400D3CE25 /* BanksiaApp.swift */; };
		F6A7BEEF2B01C57400D3CE25 /* DataModel.swift in Sources */ = {isa = PBXBuildFile; fileRef = F6A7BEEE2B01C57400D3CE25 /* DataModel.swift */; };
		F6A7BEF12B01C57500D3CE25 /* Assets.xcassets in Resources */ = {isa = PBXBuildFile; fileRef = F6A7BEF02B01C57500D3CE25 /* Assets.xcassets */; };
		F6C161E12B0F63B800F4AB62 /* banksia_icons.json in Resources */ = {isa = PBXBuildFile; fileRef = F6C161E02B0F63B800F4AB62 /* banksia_icons.json */; };
		F6C245062BEE50CF002AEE3D /* Grainient in Frameworks */ = {isa = PBXBuildFile; productRef = F6C245052BEE50CF002AEE3D /* Grainient */; };
		F6C245082BEE50CF002AEE3D /* KeychainHandler in Frameworks */ = {isa = PBXBuildFile; productRef = F6C245072BEE50CF002AEE3D /* KeychainHandler */; };
		F6C2450A2BEE50CF002AEE3D /* Popup in Frameworks */ = {isa = PBXBuildFile; productRef = F6C245092BEE50CF002AEE3D /* Popup */; };
		F6D6E2D62BC805E9000D2051 /* SingleMessageView.swift in Sources */ = {isa = PBXBuildFile; fileRef = F6D6E2D52BC805E9000D2051 /* SingleMessageView.swift */; };
		F6D6E2DB2BC80AA2000D2051 /* MessageInputView.swift in Sources */ = {isa = PBXBuildFile; fileRef = F6D6E2DA2BC80AA2000D2051 /* MessageInputView.swift */; };
		F6D6E2EB2BC82CFE000D2051 /* ExampleText.swift in Sources */ = {isa = PBXBuildFile; fileRef = F6D6E2EA2BC82CFE000D2051 /* ExampleText.swift */; };
		F6E4BC692BCF0ABD00BFD550 /* ScrollTest.swift in Sources */ = {isa = PBXBuildFile; fileRef = F6E4BC682BCF0ABD00BFD550 /* ScrollTest.swift */; };
		F6E4BC6B2BCFD1E100BFD550 /* QuickNavView.swift in Sources */ = {isa = PBXBuildFile; fileRef = F6E4BC6A2BCFD1E100BFD550 /* QuickNavView.swift */; };
		F6E4BC6D2BCFDAC900BFD550 /* MenuCommands.swift in Sources */ = {isa = PBXBuildFile; fileRef = F6E4BC6C2BCFDAC900BFD550 /* MenuCommands.swift */; };
		F6E4BC6F2BD02D9800BFD550 /* EditorRepresentable.swift in Sources */ = {isa = PBXBuildFile; fileRef = F6E4BC6E2BD02D9800BFD550 /* EditorRepresentable.swift */; };
		F6F393112B09DB7D005046F4 /* ConversationView.swift in Sources */ = {isa = PBXBuildFile; fileRef = F6F393102B09DB7D005046F4 /* ConversationView.swift */; };
		F6F393132B0A06B4005046F4 /* ConversationListItem.swift in Sources */ = {isa = PBXBuildFile; fileRef = F6F393122B0A06B4005046F4 /* ConversationListItem.swift */; };
		F6FA92EF2B052B9800D1D9B8 /* SettingsView.swift in Sources */ = {isa = PBXBuildFile; fileRef = F6FA92EE2B052B9800D1D9B8 /* SettingsView.swift */; };
/* End PBXBuildFile section */

/* Begin PBXFileReference section */
		F60B6A722C005D7B007EDCDD /* SidebarHandler.swift */ = {isa = PBXFileReference; lastKnownFileType = sourcecode.swift; path = SidebarHandler.swift; sourceTree = "<group>"; };
		F636A11B2B05B23D00C24891 /* GeneralSettingsView.swift */ = {isa = PBXFileReference; lastKnownFileType = sourcecode.swift; path = GeneralSettingsView.swift; sourceTree = "<group>"; };
		F639D8B72BD3C3650035226E /* MarkdownModel.swift */ = {isa = PBXFileReference; lastKnownFileType = sourcecode.swift; path = MarkdownModel.swift; sourceTree = "<group>"; };
		F639D8C42BD517AF0035226E /* xcode.min.css */ = {isa = PBXFileReference; fileEncoding = 4; lastKnownFileType = text.css; path = xcode.min.css; sourceTree = "<group>"; };
		F639D8C92BD51B2A0035226E /* CodeSyntaxTheme.swift */ = {isa = PBXFileReference; lastKnownFileType = sourcecode.swift; path = CodeSyntaxTheme.swift; sourceTree = "<group>"; };
		F64F8E022B02136D00C72E51 /* ModelContainerPreview.swift */ = {isa = PBXFileReference; lastKnownFileType = sourcecode.swift; path = ModelContainerPreview.swift; sourceTree = "<group>"; };
		F64F8E072B02140F00C72E51 /* SampleData+Conversation.swift */ = {isa = PBXFileReference; lastKnownFileType = sourcecode.swift; path = "SampleData+Conversation.swift"; sourceTree = "<group>"; };
		F64F8E0B2B0214A000C72E51 /* SampleData+Messages.swift */ = {isa = PBXFileReference; lastKnownFileType = sourcecode.swift; path = "SampleData+Messages.swift"; sourceTree = "<group>"; };
		F64F8E1F2B03082100C72E51 /* BanksiaHandler.swift */ = {isa = PBXFileReference; lastKnownFileType = sourcecode.swift; path = BanksiaHandler.swift; sourceTree = "<group>"; };
		F64F8E212B03090600C72E51 /* ContentView.swift */ = {isa = PBXFileReference; lastKnownFileType = sourcecode.swift; path = ContentView.swift; sourceTree = "<group>"; };
		F64F8E2D2B04254100C72E51 /* ConversationHandler.swift */ = {isa = PBXFileReference; lastKnownFileType = sourcecode.swift; path = ConversationHandler.swift; sourceTree = "<group>"; };
		F64F8E302B042A2700C72E51 /* UtilityFunctions.swift */ = {isa = PBXFileReference; lastKnownFileType = sourcecode.swift; path = UtilityFunctions.swift; sourceTree = "<group>"; };
		F663C2672BD25FC0000D8F5F /* MarkdownEditor.swift */ = {isa = PBXFileReference; lastKnownFileType = sourcecode.swift; path = MarkdownEditor.swift; sourceTree = "<group>"; };
		F6795C7C2BCE70920093BC9C /* ConversationEditorView.swift */ = {isa = PBXFileReference; lastKnownFileType = sourcecode.swift; path = ConversationEditorView.swift; sourceTree = "<group>"; };
		F6795C7E2BCE7A4D0093BC9C /* GlobalConversationSettingsView.swift */ = {isa = PBXFileReference; lastKnownFileType = sourcecode.swift; path = GlobalConversationSettingsView.swift; sourceTree = "<group>"; };
		F687189B2BFF4F2100955B43 /* DetailView.swift */ = {isa = PBXFileReference; lastKnownFileType = sourcecode.swift; path = DetailView.swift; sourceTree = "<group>"; };
		F687189D2BFF742800955B43 /* NavigationHandler.swift */ = {isa = PBXFileReference; lastKnownFileType = sourcecode.swift; path = NavigationHandler.swift; sourceTree = "<group>"; };
		F697B8652B0B47610091CE79 /* GPTModel.swift */ = {isa = PBXFileReference; lastKnownFileType = sourcecode.swift; path = GPTModel.swift; sourceTree = "<group>"; };
		F697B8672B0B48160091CE79 /* ConversationStateView.swift */ = {isa = PBXFileReference; lastKnownFileType = sourcecode.swift; path = ConversationStateView.swift; sourceTree = "<group>"; };
		F6988DC02BD1597800D20E4C /* MapTest.swift */ = {isa = PBXFileReference; lastKnownFileType = sourcecode.swift; path = MapTest.swift; sourceTree = "<group>"; };
		F6A5E1B22BC6E4E90018B1B5 /* SidebarView.swift */ = {isa = PBXFileReference; lastKnownFileType = sourcecode.swift; path = SidebarView.swift; sourceTree = "<group>"; };
		F6A5E1B42BC6E5A40018B1B5 /* ToolbarView.swift */ = {isa = PBXFileReference; lastKnownFileType = sourcecode.swift; path = ToolbarView.swift; sourceTree = "<group>"; };
		F6A5E1B62BC6EE480018B1B5 /* PreferencesHandler.swift */ = {isa = PBXFileReference; lastKnownFileType = sourcecode.swift; path = PreferencesHandler.swift; sourceTree = "<group>"; };
		F6A5E1B92BC6F3D70018B1B5 /* StyleHandler.swift */ = {isa = PBXFileReference; lastKnownFileType = sourcecode.swift; path = StyleHandler.swift; sourceTree = "<group>"; };
		F6A7BEE72B01C57400D3CE25 /* Banksia.app */ = {isa = PBXFileReference; explicitFileType = wrapper.application; includeInIndex = 0; path = Banksia.app; sourceTree = BUILT_PRODUCTS_DIR; };
		F6A7BEEA2B01C57400D3CE25 /* BanksiaApp.swift */ = {isa = PBXFileReference; lastKnownFileType = sourcecode.swift; path = BanksiaApp.swift; sourceTree = "<group>"; };
		F6A7BEEE2B01C57400D3CE25 /* DataModel.swift */ = {isa = PBXFileReference; lastKnownFileType = sourcecode.swift; path = DataModel.swift; sourceTree = "<group>"; };
		F6A7BEF02B01C57500D3CE25 /* Assets.xcassets */ = {isa = PBXFileReference; lastKnownFileType = folder.assetcatalog; path = Assets.xcassets; sourceTree = "<group>"; };
		F6A7BEF52B01C57500D3CE25 /* Banksia.entitlements */ = {isa = PBXFileReference; lastKnownFileType = text.plist.entitlements; path = Banksia.entitlements; sourceTree = "<group>"; };
		F6C161E02B0F63B800F4AB62 /* banksia_icons.json */ = {isa = PBXFileReference; fileEncoding = 4; lastKnownFileType = text.json; name = banksia_icons.json; path = Working/banksia_icons.json; sourceTree = SOURCE_ROOT; };
		F6D6E2D52BC805E9000D2051 /* SingleMessageView.swift */ = {isa = PBXFileReference; lastKnownFileType = sourcecode.swift; path = SingleMessageView.swift; sourceTree = "<group>"; };
		F6D6E2DA2BC80AA2000D2051 /* MessageInputView.swift */ = {isa = PBXFileReference; lastKnownFileType = sourcecode.swift; path = MessageInputView.swift; sourceTree = "<group>"; };
		F6D6E2EA2BC82CFE000D2051 /* ExampleText.swift */ = {isa = PBXFileReference; lastKnownFileType = sourcecode.swift; path = ExampleText.swift; sourceTree = "<group>"; };
		F6E4BC682BCF0ABD00BFD550 /* ScrollTest.swift */ = {isa = PBXFileReference; lastKnownFileType = sourcecode.swift; path = ScrollTest.swift; sourceTree = "<group>"; };
		F6E4BC6A2BCFD1E100BFD550 /* QuickNavView.swift */ = {isa = PBXFileReference; lastKnownFileType = sourcecode.swift; path = QuickNavView.swift; sourceTree = "<group>"; };
		F6E4BC6C2BCFDAC900BFD550 /* MenuCommands.swift */ = {isa = PBXFileReference; lastKnownFileType = sourcecode.swift; path = MenuCommands.swift; sourceTree = "<group>"; };
		F6E4BC6E2BD02D9800BFD550 /* EditorRepresentable.swift */ = {isa = PBXFileReference; lastKnownFileType = sourcecode.swift; path = EditorRepresentable.swift; sourceTree = "<group>"; };
		F6E4BC752BD0DA5000BFD550 /* AttributedStringReference.swift */ = {isa = PBXFileReference; lastKnownFileType = sourcecode.swift; path = AttributedStringReference.swift; sourceTree = "<group>"; };
		F6F393102B09DB7D005046F4 /* ConversationView.swift */ = {isa = PBXFileReference; lastKnownFileType = sourcecode.swift; path = ConversationView.swift; sourceTree = "<group>"; };
		F6F393122B0A06B4005046F4 /* ConversationListItem.swift */ = {isa = PBXFileReference; lastKnownFileType = sourcecode.swift; path = ConversationListItem.swift; sourceTree = "<group>"; };
		F6F393142B0A1784005046F4 /* Info.plist */ = {isa = PBXFileReference; lastKnownFileType = text.plist; path = Info.plist; sourceTree = "<group>"; };
		F6FA92EE2B052B9800D1D9B8 /* SettingsView.swift */ = {isa = PBXFileReference; lastKnownFileType = sourcecode.swift; path = SettingsView.swift; sourceTree = "<group>"; };
/* End PBXFileReference section */

/* Begin PBXFrameworksBuildPhase section */
		F6A7BEE42B01C57400D3CE25 /* Frameworks */ = {
			isa = PBXFrameworksBuildPhase;
			buildActionMask = 2147483647;
			files = (
				F6623F6B2BFF89B40087C518 /* Styles in Frameworks */,
				F6623F672BFF89B40087C518 /* Components in Frameworks */,
				F626CD1E2BFA73D1002A0D8A /* APIHandler in Frameworks */,
				F635C17E2BD0F41100E4EA4A /* SmoothGradient in Frameworks */,
				F6C2450A2BEE50CF002AEE3D /* Popup in Frameworks */,
				F6C245082BEE50CF002AEE3D /* KeychainHandler in Frameworks */,
				F6C245062BEE50CF002AEE3D /* Grainient in Frameworks */,
				F644B17D2BF276F70098FDCF /* Utilities in Frameworks */,
				F639D8C82BD518330035226E /* Highlightr in Frameworks */,
				F6623F692BFF89B40087C518 /* Structure in Frameworks */,
			);
			runOnlyForDeploymentPostprocessing = 0;
		};
/* End PBXFrameworksBuildPhase section */

/* Begin PBXGroup section */
		F636A11A2B05B22F00C24891 /* Settings */ = {
			isa = PBXGroup;
			children = (
				F6FA92EE2B052B9800D1D9B8 /* SettingsView.swift */,
				F636A11B2B05B23D00C24891 /* GeneralSettingsView.swift */,
			);
			path = Settings;
			sourceTree = "<group>";
		};
		F64F8E0D2B0214CC00C72E51 /* Views */ = {
			isa = PBXGroup;
			children = (
				F687189B2BFF4F2100955B43 /* DetailView.swift */,
				F639D8B72BD3C3650035226E /* MarkdownModel.swift */,
				F6988DC02BD1597800D20E4C /* MapTest.swift */,
				F6E4BC682BCF0ABD00BFD550 /* ScrollTest.swift */,
				F6E4BC6C2BCFDAC900BFD550 /* MenuCommands.swift */,
				F6E4BC6A2BCFD1E100BFD550 /* QuickNavView.swift */,
				F6795C7E2BCE7A4D0093BC9C /* GlobalConversationSettingsView.swift */,
				F6795C7C2BCE70920093BC9C /* ConversationEditorView.swift */,
				F64F8E212B03090600C72E51 /* ContentView.swift */,
				F6A5E1B42BC6E5A40018B1B5 /* ToolbarView.swift */,
				F6A5E1B22BC6E4E90018B1B5 /* SidebarView.swift */,
				F6F393122B0A06B4005046F4 /* ConversationListItem.swift */,
				F6F393102B09DB7D005046F4 /* ConversationView.swift */,
				F6D6E2DA2BC80AA2000D2051 /* MessageInputView.swift */,
				F6D6E2D52BC805E9000D2051 /* SingleMessageView.swift */,
				F6A6566B2B1290E60018689F /* Components */,
				F636A11A2B05B22F00C24891 /* Settings */,
			);
			path = Views;
			sourceTree = "<group>";
		};
		F64F8E102B02200400C72E51 /* Handlers */ = {
			isa = PBXGroup;
			children = (
				F60B6A722C005D7B007EDCDD /* SidebarHandler.swift */,
				F687189D2BFF742800955B43 /* NavigationHandler.swift */,
				F663C2672BD25FC0000D8F5F /* MarkdownEditor.swift */,
				F6E4BC6E2BD02D9800BFD550 /* EditorRepresentable.swift */,
				F6A5E1B92BC6F3D70018B1B5 /* StyleHandler.swift */,
				F6A5E1B62BC6EE480018B1B5 /* PreferencesHandler.swift */,
				F64F8E1F2B03082100C72E51 /* BanksiaHandler.swift */,
				F64F8E2D2B04254100C72E51 /* ConversationHandler.swift */,
			);
			path = Handlers;
			sourceTree = "<group>";
		};
		F64F8E2F2B042A0300C72E51 /* Support */ = {
			isa = PBXGroup;
			children = (
				F639D8C42BD517AF0035226E /* xcode.min.css */,
				F6E4BC752BD0DA5000BFD550 /* AttributedStringReference.swift */,
				F6D6E2EA2BC82CFE000D2051 /* ExampleText.swift */,
				F6C161E02B0F63B800F4AB62 /* banksia_icons.json */,
				F64F8E302B042A2700C72E51 /* UtilityFunctions.swift */,
				F639D8C92BD51B2A0035226E /* CodeSyntaxTheme.swift */,
			);
			path = Support;
			sourceTree = "<group>";
		};
		F6535B042C01D20B00633D77 /* Models */ = {
			isa = PBXGroup;
			children = (
				F6A7BEEE2B01C57400D3CE25 /* DataModel.swift */,
				F697B8652B0B47610091CE79 /* GPTModel.swift */,
			);
			path = Models;
			sourceTree = "<group>";
		};
		F6A5E1B82BC6EF4E0018B1B5 /* Preview Content */ = {
			isa = PBXGroup;
			children = (
				F64F8E072B02140F00C72E51 /* SampleData+Conversation.swift */,
				F64F8E0B2B0214A000C72E51 /* SampleData+Messages.swift */,
				F64F8E022B02136D00C72E51 /* ModelContainerPreview.swift */,
			);
			name = "Preview Content";
			path = "Banksia/Preview Content";
			sourceTree = SOURCE_ROOT;
		};
		F6A6566B2B1290E60018689F /* Components */ = {
			isa = PBXGroup;
			children = (
				F697B8672B0B48160091CE79 /* ConversationStateView.swift */,
			);
			path = Components;
			sourceTree = "<group>";
		};
		F6A7BEDE2B01C57400D3CE25 = {
			isa = PBXGroup;
			children = (
				F6A7BEE92B01C57400D3CE25 /* Banksia */,
				F6A7BEE82B01C57400D3CE25 /* Products */,
				F6C245042BEE50CF002AEE3D /* Frameworks */,
			);
			sourceTree = "<group>";
		};
		F6A7BEE82B01C57400D3CE25 /* Products */ = {
			isa = PBXGroup;
			children = (
				F6A7BEE72B01C57400D3CE25 /* Banksia.app */,
			);
			name = Products;
			sourceTree = "<group>";
		};
		F6A7BEE92B01C57400D3CE25 /* Banksia */ = {
			isa = PBXGroup;
			children = (
				F6F393142B0A1784005046F4 /* Info.plist */,
				F6A7BEEA2B01C57400D3CE25 /* BanksiaApp.swift */,
				F6535B042C01D20B00633D77 /* Models */,
				F64F8E102B02200400C72E51 /* Handlers */,
				F64F8E0D2B0214CC00C72E51 /* Views */,
				F6A5E1B82BC6EF4E0018B1B5 /* Preview Content */,
				F64F8E2F2B042A0300C72E51 /* Support */,
				F6A7BEF02B01C57500D3CE25 /* Assets.xcassets */,
				F6A7BEF52B01C57500D3CE25 /* Banksia.entitlements */,
			);
			path = Banksia;
			sourceTree = "<group>";
		};
		F6C245042BEE50CF002AEE3D /* Frameworks */ = {
			isa = PBXGroup;
			children = (
			);
			name = Frameworks;
			sourceTree = "<group>";
		};
/* End PBXGroup section */

/* Begin PBXNativeTarget section */
		F6A7BEE62B01C57400D3CE25 /* Banksia */ = {
			isa = PBXNativeTarget;
			buildConfigurationList = F6A7BEF82B01C57500D3CE25 /* Build configuration list for PBXNativeTarget "Banksia" */;
			buildPhases = (
				F6A7BEE32B01C57400D3CE25 /* Sources */,
				F6A7BEE42B01C57400D3CE25 /* Frameworks */,
				F6A7BEE52B01C57400D3CE25 /* Resources */,
			);
			buildRules = (
			);
			dependencies = (
			);
			name = Banksia;
			packageProductDependencies = (
				F635C17D2BD0F41100E4EA4A /* SmoothGradient */,
				F639D8C72BD518330035226E /* Highlightr */,
				F6C245052BEE50CF002AEE3D /* Grainient */,
				F6C245072BEE50CF002AEE3D /* KeychainHandler */,
				F6C245092BEE50CF002AEE3D /* Popup */,
				F644B17C2BF276F70098FDCF /* Utilities */,
				F626CD1D2BFA73D1002A0D8A /* APIHandler */,
				F6623F662BFF89B40087C518 /* Components */,
				F6623F682BFF89B40087C518 /* Structure */,
				F6623F6A2BFF89B40087C518 /* Styles */,
			);
			productName = Banksia;
			productReference = F6A7BEE72B01C57400D3CE25 /* Banksia.app */;
			productType = "com.apple.product-type.application";
		};
/* End PBXNativeTarget section */

/* Begin PBXProject section */
		F6A7BEDF2B01C57400D3CE25 /* Project object */ = {
			isa = PBXProject;
			attributes = {
				BuildIndependentTargetsInParallel = 1;
				LastSwiftUpdateCheck = 1500;
				LastUpgradeCheck = 1510;
				TargetAttributes = {
					F6A7BEE62B01C57400D3CE25 = {
						CreatedOnToolsVersion = 15.0.1;
					};
				};
			};
			buildConfigurationList = F6A7BEE22B01C57400D3CE25 /* Build configuration list for PBXProject "Banksia" */;
			compatibilityVersion = "Xcode 14.0";
			developmentRegion = en;
			hasScannedForEncodings = 0;
			knownRegions = (
				en,
				Base,
			);
			mainGroup = F6A7BEDE2B01C57400D3CE25;
			packageReferences = (
				F635C17C2BD0F41100E4EA4A /* XCRemoteSwiftPackageReference "SmoothGradient" */,
				F639D8C62BD518330035226E /* XCLocalSwiftPackageReference "../_ Swift Packages/Highlightr" */,
			);
			productRefGroup = F6A7BEE82B01C57400D3CE25 /* Products */;
			projectDirPath = "";
			projectRoot = "";
			targets = (
				F6A7BEE62B01C57400D3CE25 /* Banksia */,
			);
		};
/* End PBXProject section */

/* Begin PBXResourcesBuildPhase section */
		F6A7BEE52B01C57400D3CE25 /* Resources */ = {
			isa = PBXResourcesBuildPhase;
			buildActionMask = 2147483647;
			files = (
				F639D8C52BD517AF0035226E /* xcode.min.css in Resources */,
				F6C161E12B0F63B800F4AB62 /* banksia_icons.json in Resources */,
				F6A7BEF12B01C57500D3CE25 /* Assets.xcassets in Resources */,
			);
			runOnlyForDeploymentPostprocessing = 0;
		};
/* End PBXResourcesBuildPhase section */

/* Begin PBXSourcesBuildPhase section */
		F6A7BEE32B01C57400D3CE25 /* Sources */ = {
			isa = PBXSourcesBuildPhase;
			buildActionMask = 2147483647;
			files = (
				F6988DC12BD1597800D20E4C /* MapTest.swift in Sources */,
				F639D8CA2BD51B2A0035226E /* CodeSyntaxTheme.swift in Sources */,
				F6D6E2D62BC805E9000D2051 /* SingleMessageView.swift in Sources */,
				F6795C7D2BCE70920093BC9C /* ConversationEditorView.swift in Sources */,
				F6A7BEEB2B01C57400D3CE25 /* BanksiaApp.swift in Sources */,
				F6A5E1BA2BC6F3D80018B1B5 /* StyleHandler.swift in Sources */,
				F663C2682BD25FC0000D8F5F /* MarkdownEditor.swift in Sources */,
				F6A7BEEF2B01C57400D3CE25 /* DataModel.swift in Sources */,
				F6A5E1B52BC6E5A40018B1B5 /* ToolbarView.swift in Sources */,
				F6E4BC6F2BD02D9800BFD550 /* EditorRepresentable.swift in Sources */,
				F639D8B82BD3C3650035226E /* MarkdownModel.swift in Sources */,
				F60B6A732C005D7B007EDCDD /* SidebarHandler.swift in Sources */,
				F6A5E1B72BC6EE480018B1B5 /* PreferencesHandler.swift in Sources */,
				F64F8E202B03082100C72E51 /* BanksiaHandler.swift in Sources */,
				F6D6E2EB2BC82CFE000D2051 /* ExampleText.swift in Sources */,
				F697B8662B0B47610091CE79 /* GPTModel.swift in Sources */,
				F6F393132B0A06B4005046F4 /* ConversationListItem.swift in Sources */,
				F64F8E222B03090600C72E51 /* ContentView.swift in Sources */,
				F64F8E312B042A2700C72E51 /* UtilityFunctions.swift in Sources */,
				F687189C2BFF4F2100955B43 /* DetailView.swift in Sources */,
				F6FA92EF2B052B9800D1D9B8 /* SettingsView.swift in Sources */,
				F636A11C2B05B23D00C24891 /* GeneralSettingsView.swift in Sources */,
				F6F393112B09DB7D005046F4 /* ConversationView.swift in Sources */,
				F6D6E2DB2BC80AA2000D2051 /* MessageInputView.swift in Sources */,
				F697B8682B0B48160091CE79 /* ConversationStateView.swift in Sources */,
				F64F8E082B02140F00C72E51 /* SampleData+Conversation.swift in Sources */,
				F6E4BC6B2BCFD1E100BFD550 /* QuickNavView.swift in Sources */,
				F64F8E0C2B0214A000C72E51 /* SampleData+Messages.swift in Sources */,
				F64F8E032B02136D00C72E51 /* ModelContainerPreview.swift in Sources */,
				F6A5E1B32BC6E4E90018B1B5 /* SidebarView.swift in Sources */,
				F687189E2BFF742800955B43 /* NavigationHandler.swift in Sources */,
				F6E4BC692BCF0ABD00BFD550 /* ScrollTest.swift in Sources */,
				F6E4BC6D2BCFDAC900BFD550 /* MenuCommands.swift in Sources */,
				F6795C7F2BCE7A4D0093BC9C /* GlobalConversationSettingsView.swift in Sources */,
				F64F8E2E2B04254100C72E51 /* ConversationHandler.swift in Sources */,
			);
			runOnlyForDeploymentPostprocessing = 0;
		};
/* End PBXSourcesBuildPhase section */

/* Begin XCBuildConfiguration section */
		F6A7BEF62B01C57500D3CE25 /* Debug */ = {
			isa = XCBuildConfiguration;
			buildSettings = {
				ALWAYS_SEARCH_USER_PATHS = NO;
				ASSETCATALOG_COMPILER_GENERATE_SWIFT_ASSET_SYMBOL_EXTENSIONS = YES;
				CLANG_ANALYZER_NONNULL = YES;
				CLANG_ANALYZER_NUMBER_OBJECT_CONVERSION = YES_AGGRESSIVE;
				CLANG_CXX_LANGUAGE_STANDARD = "gnu++20";
				CLANG_ENABLE_MODULES = YES;
				CLANG_ENABLE_OBJC_ARC = YES;
				CLANG_ENABLE_OBJC_WEAK = YES;
				CLANG_WARN_BLOCK_CAPTURE_AUTORELEASING = YES;
				CLANG_WARN_BOOL_CONVERSION = YES;
				CLANG_WARN_COMMA = YES;
				CLANG_WARN_CONSTANT_CONVERSION = YES;
				CLANG_WARN_DEPRECATED_OBJC_IMPLEMENTATIONS = YES;
				CLANG_WARN_DIRECT_OBJC_ISA_USAGE = YES_ERROR;
				CLANG_WARN_DOCUMENTATION_COMMENTS = YES;
				CLANG_WARN_EMPTY_BODY = YES;
				CLANG_WARN_ENUM_CONVERSION = YES;
				CLANG_WARN_INFINITE_RECURSION = YES;
				CLANG_WARN_INT_CONVERSION = YES;
				CLANG_WARN_NON_LITERAL_NULL_CONVERSION = YES;
				CLANG_WARN_OBJC_IMPLICIT_RETAIN_SELF = YES;
				CLANG_WARN_OBJC_LITERAL_CONVERSION = YES;
				CLANG_WARN_OBJC_ROOT_CLASS = YES_ERROR;
				CLANG_WARN_QUOTED_INCLUDE_IN_FRAMEWORK_HEADER = YES;
				CLANG_WARN_RANGE_LOOP_ANALYSIS = YES;
				CLANG_WARN_STRICT_PROTOTYPES = YES;
				CLANG_WARN_SUSPICIOUS_MOVE = YES;
				CLANG_WARN_UNGUARDED_AVAILABILITY = YES_AGGRESSIVE;
				CLANG_WARN_UNREACHABLE_CODE = YES;
				CLANG_WARN__DUPLICATE_METHOD_MATCH = YES;
				COPY_PHASE_STRIP = NO;
				DEAD_CODE_STRIPPING = YES;
				DEBUG_INFORMATION_FORMAT = dwarf;
				ENABLE_STRICT_OBJC_MSGSEND = YES;
				ENABLE_TESTABILITY = YES;
				ENABLE_USER_SCRIPT_SANDBOXING = YES;
				GCC_C_LANGUAGE_STANDARD = gnu17;
				GCC_DYNAMIC_NO_PIC = NO;
				GCC_NO_COMMON_BLOCKS = YES;
				GCC_OPTIMIZATION_LEVEL = 0;
				GCC_PREPROCESSOR_DEFINITIONS = (
					"DEBUG=1",
					"$(inherited)",
				);
				GCC_WARN_64_TO_32_BIT_CONVERSION = YES;
				GCC_WARN_ABOUT_RETURN_TYPE = YES_ERROR;
				GCC_WARN_UNDECLARED_SELECTOR = YES;
				GCC_WARN_UNINITIALIZED_AUTOS = YES_AGGRESSIVE;
				GCC_WARN_UNUSED_FUNCTION = YES;
				GCC_WARN_UNUSED_VARIABLE = YES;
				LOCALIZATION_PREFERS_STRING_CATALOGS = YES;
				MACOSX_DEPLOYMENT_TARGET = 14.0;
				MTL_ENABLE_DEBUG_INFO = INCLUDE_SOURCE;
				MTL_FAST_MATH = YES;
				ONLY_ACTIVE_ARCH = YES;
				SDKROOT = macosx;
				SWIFT_ACTIVE_COMPILATION_CONDITIONS = "DEBUG $(inherited)";
				SWIFT_OPTIMIZATION_LEVEL = "-Onone";
				SWIFT_STRICT_CONCURRENCY = minimal;
			};
			name = Debug;
		};
		F6A7BEF72B01C57500D3CE25 /* Release */ = {
			isa = XCBuildConfiguration;
			buildSettings = {
				ALWAYS_SEARCH_USER_PATHS = NO;
				ASSETCATALOG_COMPILER_GENERATE_SWIFT_ASSET_SYMBOL_EXTENSIONS = YES;
				CLANG_ANALYZER_NONNULL = YES;
				CLANG_ANALYZER_NUMBER_OBJECT_CONVERSION = YES_AGGRESSIVE;
				CLANG_CXX_LANGUAGE_STANDARD = "gnu++20";
				CLANG_ENABLE_MODULES = YES;
				CLANG_ENABLE_OBJC_ARC = YES;
				CLANG_ENABLE_OBJC_WEAK = YES;
				CLANG_WARN_BLOCK_CAPTURE_AUTORELEASING = YES;
				CLANG_WARN_BOOL_CONVERSION = YES;
				CLANG_WARN_COMMA = YES;
				CLANG_WARN_CONSTANT_CONVERSION = YES;
				CLANG_WARN_DEPRECATED_OBJC_IMPLEMENTATIONS = YES;
				CLANG_WARN_DIRECT_OBJC_ISA_USAGE = YES_ERROR;
				CLANG_WARN_DOCUMENTATION_COMMENTS = YES;
				CLANG_WARN_EMPTY_BODY = YES;
				CLANG_WARN_ENUM_CONVERSION = YES;
				CLANG_WARN_INFINITE_RECURSION = YES;
				CLANG_WARN_INT_CONVERSION = YES;
				CLANG_WARN_NON_LITERAL_NULL_CONVERSION = YES;
				CLANG_WARN_OBJC_IMPLICIT_RETAIN_SELF = YES;
				CLANG_WARN_OBJC_LITERAL_CONVERSION = YES;
				CLANG_WARN_OBJC_ROOT_CLASS = YES_ERROR;
				CLANG_WARN_QUOTED_INCLUDE_IN_FRAMEWORK_HEADER = YES;
				CLANG_WARN_RANGE_LOOP_ANALYSIS = YES;
				CLANG_WARN_STRICT_PROTOTYPES = YES;
				CLANG_WARN_SUSPICIOUS_MOVE = YES;
				CLANG_WARN_UNGUARDED_AVAILABILITY = YES_AGGRESSIVE;
				CLANG_WARN_UNREACHABLE_CODE = YES;
				CLANG_WARN__DUPLICATE_METHOD_MATCH = YES;
				COPY_PHASE_STRIP = NO;
				DEAD_CODE_STRIPPING = YES;
				DEBUG_INFORMATION_FORMAT = "dwarf-with-dsym";
				ENABLE_NS_ASSERTIONS = NO;
				ENABLE_STRICT_OBJC_MSGSEND = YES;
				ENABLE_USER_SCRIPT_SANDBOXING = YES;
				GCC_C_LANGUAGE_STANDARD = gnu17;
				GCC_NO_COMMON_BLOCKS = YES;
				GCC_WARN_64_TO_32_BIT_CONVERSION = YES;
				GCC_WARN_ABOUT_RETURN_TYPE = YES_ERROR;
				GCC_WARN_UNDECLARED_SELECTOR = YES;
				GCC_WARN_UNINITIALIZED_AUTOS = YES_AGGRESSIVE;
				GCC_WARN_UNUSED_FUNCTION = YES;
				GCC_WARN_UNUSED_VARIABLE = YES;
				LOCALIZATION_PREFERS_STRING_CATALOGS = YES;
				MACOSX_DEPLOYMENT_TARGET = 14.0;
				MTL_ENABLE_DEBUG_INFO = NO;
				MTL_FAST_MATH = YES;
				SDKROOT = macosx;
				SWIFT_COMPILATION_MODE = wholemodule;
				SWIFT_STRICT_CONCURRENCY = minimal;
			};
			name = Release;
		};
		F6A7BEF92B01C57500D3CE25 /* Debug */ = {
			isa = XCBuildConfiguration;
			buildSettings = {
				ASSETCATALOG_COMPILER_APPICON_NAME = AppIcon;
				ASSETCATALOG_COMPILER_GLOBAL_ACCENT_COLOR_NAME = AccentColor;
				CODE_SIGN_ENTITLEMENTS = Banksia/Banksia.entitlements;
				CODE_SIGN_STYLE = Automatic;
				COMBINE_HIDPI_IMAGES = YES;
				CURRENT_PROJECT_VERSION = 1;
				DEAD_CODE_STRIPPING = YES;
				DEBUG_INFORMATION_FORMAT = "dwarf-with-dsym";
				DEVELOPMENT_ASSET_PATHS = "\"Banksia/Preview Content\"";
				DEVELOPMENT_TEAM = F2W5BX3D7F;
				ENABLE_HARDENED_RUNTIME = YES;
				ENABLE_PREVIEWS = YES;
				GENERATE_INFOPLIST_FILE = YES;
				INFOPLIST_FILE = Banksia/Info.plist;
				INFOPLIST_KEY_CFBundleDisplayName = Banksia;
				INFOPLIST_KEY_LSApplicationCategoryType = "public.app-category.productivity";
				INFOPLIST_KEY_NSHumanReadableCopyright = "";
				INFOPLIST_KEY_UIStatusBarHidden = YES;
				INFOPLIST_KEY_UISupportedInterfaceOrientations = "UIInterfaceOrientationLandscapeLeft UIInterfaceOrientationLandscapeRight UIInterfaceOrientationPortrait UIInterfaceOrientationPortraitUpsideDown";
				IPHONEOS_DEPLOYMENT_TARGET = 17.0;
				LD_RUNPATH_SEARCH_PATHS = (
					"$(inherited)",
					"@executable_path/../Frameworks",
				);
				MACOSX_DEPLOYMENT_TARGET = 14.0;
				MARKETING_VERSION = 1.0;
				PRODUCT_BUNDLE_IDENTIFIER = dvclmn.Banksia;
				PRODUCT_NAME = "$(TARGET_NAME)";
				SUPPORTED_PLATFORMS = "iphoneos iphonesimulator macosx xros xrsimulator";
				SUPPORTS_MACCATALYST = NO;
				SWIFT_EMIT_LOC_STRINGS = YES;
				SWIFT_VERSION = 5.0;
				TARGETED_DEVICE_FAMILY = "1,2,7";
				XROS_DEPLOYMENT_TARGET = 1.0;
			};
			name = Debug;
		};
		F6A7BEFA2B01C57500D3CE25 /* Release */ = {
			isa = XCBuildConfiguration;
			buildSettings = {
				ASSETCATALOG_COMPILER_APPICON_NAME = AppIcon;
				ASSETCATALOG_COMPILER_GLOBAL_ACCENT_COLOR_NAME = AccentColor;
				CODE_SIGN_ENTITLEMENTS = Banksia/Banksia.entitlements;
				CODE_SIGN_STYLE = Automatic;
				COMBINE_HIDPI_IMAGES = YES;
				CURRENT_PROJECT_VERSION = 1;
				DEAD_CODE_STRIPPING = YES;
				DEVELOPMENT_ASSET_PATHS = "\"Banksia/Preview Content\"";
				DEVELOPMENT_TEAM = F2W5BX3D7F;
				ENABLE_HARDENED_RUNTIME = YES;
				ENABLE_PREVIEWS = YES;
				GENERATE_INFOPLIST_FILE = YES;
				INFOPLIST_FILE = Banksia/Info.plist;
				INFOPLIST_KEY_CFBundleDisplayName = Banksia;
				INFOPLIST_KEY_LSApplicationCategoryType = "public.app-category.productivity";
				INFOPLIST_KEY_NSHumanReadableCopyright = "";
				INFOPLIST_KEY_UIStatusBarHidden = YES;
				INFOPLIST_KEY_UISupportedInterfaceOrientations = "UIInterfaceOrientationLandscapeLeft UIInterfaceOrientationLandscapeRight UIInterfaceOrientationPortrait UIInterfaceOrientationPortraitUpsideDown";
				IPHONEOS_DEPLOYMENT_TARGET = 17.0;
				LD_RUNPATH_SEARCH_PATHS = (
					"$(inherited)",
					"@executable_path/../Frameworks",
				);
				MACOSX_DEPLOYMENT_TARGET = 14.0;
				MARKETING_VERSION = 1.0;
				PRODUCT_BUNDLE_IDENTIFIER = dvclmn.Banksia;
				PRODUCT_NAME = "$(TARGET_NAME)";
				SUPPORTED_PLATFORMS = "iphoneos iphonesimulator macosx xros xrsimulator";
				SUPPORTS_MACCATALYST = NO;
				SWIFT_EMIT_LOC_STRINGS = YES;
				SWIFT_VERSION = 5.0;
				TARGETED_DEVICE_FAMILY = "1,2,7";
				XROS_DEPLOYMENT_TARGET = 1.0;
			};
			name = Release;
		};
/* End XCBuildConfiguration section */

/* Begin XCConfigurationList section */
		F6A7BEE22B01C57400D3CE25 /* Build configuration list for PBXProject "Banksia" */ = {
			isa = XCConfigurationList;
			buildConfigurations = (
				F6A7BEF62B01C57500D3CE25 /* Debug */,
				F6A7BEF72B01C57500D3CE25 /* Release */,
			);
			defaultConfigurationIsVisible = 0;
			defaultConfigurationName = Release;
		};
		F6A7BEF82B01C57500D3CE25 /* Build configuration list for PBXNativeTarget "Banksia" */ = {
			isa = XCConfigurationList;
			buildConfigurations = (
				F6A7BEF92B01C57500D3CE25 /* Debug */,
				F6A7BEFA2B01C57500D3CE25 /* Release */,
			);
			defaultConfigurationIsVisible = 0;
			defaultConfigurationName = Release;
		};
/* End XCConfigurationList section */

/* Begin XCLocalSwiftPackageReference section */
		F639D8C62BD518330035226E /* XCLocalSwiftPackageReference "../_ Swift Packages/Highlightr" */ = {
			isa = XCLocalSwiftPackageReference;
			relativePath = "../_ Swift Packages/Highlightr";
		};
/* End XCLocalSwiftPackageReference section */

/* Begin XCRemoteSwiftPackageReference section */
		F635C17C2BD0F41100E4EA4A /* XCRemoteSwiftPackageReference "SmoothGradient" */ = {
			isa = XCRemoteSwiftPackageReference;
			repositoryURL = "https://github.com/raymondjavaxx/SmoothGradient";
			requirement = {
				kind = upToNextMajorVersion;
				minimumVersion = 1.0.0;
			};
		};
/* End XCRemoteSwiftPackageReference section */

/* Begin XCSwiftPackageProductDependency section */
		F626CD1D2BFA73D1002A0D8A /* APIHandler */ = {
			isa = XCSwiftPackageProductDependency;
			productName = APIHandler;
		};
		F635C17D2BD0F41100E4EA4A /* SmoothGradient */ = {
			isa = XCSwiftPackageProductDependency;
			package = F635C17C2BD0F41100E4EA4A /* XCRemoteSwiftPackageReference "SmoothGradient" */;
			productName = SmoothGradient;
		};
		F639D8C72BD518330035226E /* Highlightr */ = {
			isa = XCSwiftPackageProductDependency;
			productName = Highlightr;
		};
		F644B17C2BF276F70098FDCF /* Utilities */ = {
			isa = XCSwiftPackageProductDependency;
			productName = Utilities;
		};
		F6623F662BFF89B40087C518 /* Components */ = {
			isa = XCSwiftPackageProductDependency;
			productName = Components;
		};
		F6623F682BFF89B40087C518 /* Structure */ = {
			isa = XCSwiftPackageProductDependency;
			productName = Structure;
		};
		F6623F6A2BFF89B40087C518 /* Styles */ = {
			isa = XCSwiftPackageProductDependency;
			productName = Styles;
		};
		F6C245052BEE50CF002AEE3D /* Grainient */ = {
			isa = XCSwiftPackageProductDependency;
			productName = Grainient;
		};
		F6C245072BEE50CF002AEE3D /* KeychainHandler */ = {
			isa = XCSwiftPackageProductDependency;
			productName = KeychainHandler;
		};
		F6C245092BEE50CF002AEE3D /* Popup */ = {
			isa = XCSwiftPackageProductDependency;
			productName = Popup;
		};
/* End XCSwiftPackageProductDependency section */
	};
	rootObject = F6A7BEDF2B01C57400D3CE25 /* Project object */;
}
