{
  "originHash" : "1bbba42ac08b69a667619389265750388648efc38d3b439177cf354d8f447966",
  "pins" : [
    {
      "identity" : "swift-syntax",
      "kind" : "remoteSourceControl",
      "location" : "https://github.com/swiftlang/swift-syntax",
      "state" : {
        "revision" : "2bc86522d115234d1f588efe2bcb4ce4be8f8b82",
        "version" : "510.0.3"
      }
    }
  ],
  "version" : 3
}
